// !$*UTF8*$!
{
	archiveVersion = 1;
	classes = {
	};
	objectVersion = 55;
	objects = {

/* Begin PBXBuildFile section */
		C931C4C02891AFA1000A206A /* AppDelegate.swift in Sources */ = {isa = PBXBuildFile; fileRef = C931C4BF2891AFA1000A206A /* AppDelegate.swift */; };
		C931C4C22891AFA1000A206A /* SceneDelegate.swift in Sources */ = {isa = PBXBuildFile; fileRef = C931C4C12891AFA1000A206A /* SceneDelegate.swift */; };
		C931C4C42891AFA1000A206A /* ViewController.swift in Sources */ = {isa = PBXBuildFile; fileRef = C931C4C32891AFA1000A206A /* ViewController.swift */; };
		C931C4C72891AFA1000A206A /* Main.storyboard in Resources */ = {isa = PBXBuildFile; fileRef = C931C4C52891AFA1000A206A /* Main.storyboard */; };
		C931C4C92891AFA3000A206A /* Assets.xcassets in Resources */ = {isa = PBXBuildFile; fileRef = C931C4C82891AFA3000A206A /* Assets.xcassets */; };
		C931C4CC2891AFA3000A206A /* LaunchScreen.storyboard in Resources */ = {isa = PBXBuildFile; fileRef = C931C4CA2891AFA3000A206A /* LaunchScreen.storyboard */; };
		C931C4D42891B571000A206A /* Secrets.swift in Sources */ = {isa = PBXBuildFile; fileRef = C931C4D32891B571000A206A /* Secrets.swift */; };
		C931C4D62891B7A8000A206A /* Networking.swift in Sources */ = {isa = PBXBuildFile; fileRef = C931C4D52891B7A8000A206A /* Networking.swift */; };
		C931C4D82891B8DE000A206A /* Model.swift in Sources */ = {isa = PBXBuildFile; fileRef = C931C4D72891B8DE000A206A /* Model.swift */; };
		C931C4DA2891BAEC000A206A /* ViewModel.swift in Sources */ = {isa = PBXBuildFile; fileRef = C931C4D92891BAEC000A206A /* ViewModel.swift */; };
		C931C4DD2891C0F5000A206A /* TableViewCell.swift in Sources */ = {isa = PBXBuildFile; fileRef = C931C4DB2891C0F5000A206A /* TableViewCell.swift */; };
		C931C4DE2891C0F5000A206A /* TableViewCell.xib in Resources */ = {isa = PBXBuildFile; fileRef = C931C4DC2891C0F5000A206A /* TableViewCell.xib */; };
/* End PBXBuildFile section */

/* Begin PBXFileReference section */
		C931C4BC2891AFA1000A206A /* Drinks.app */ = {isa = PBXFileReference; explicitFileType = wrapper.application; includeInIndex = 0; path = Drinks.app; sourceTree = BUILT_PRODUCTS_DIR; };
		C931C4BF2891AFA1000A206A /* AppDelegate.swift */ = {isa = PBXFileReference; lastKnownFileType = sourcecode.swift; path = AppDelegate.swift; sourceTree = "<group>"; };
		C931C4C12891AFA1000A206A /* SceneDelegate.swift */ = {isa = PBXFileReference; lastKnownFileType = sourcecode.swift; path = SceneDelegate.swift; sourceTree = "<group>"; };
		C931C4C32891AFA1000A206A /* ViewController.swift */ = {isa = PBXFileReference; lastKnownFileType = sourcecode.swift; path = ViewController.swift; sourceTree = "<group>"; };
		C931C4C62891AFA1000A206A /* Base */ = {isa = PBXFileReference; lastKnownFileType = file.storyboard; name = Base; path = Base.lproj/Main.storyboard; sourceTree = "<group>"; };
		C931C4C82891AFA3000A206A /* Assets.xcassets */ = {isa = PBXFileReference; lastKnownFileType = folder.assetcatalog; path = Assets.xcassets; sourceTree = "<group>"; };
		C931C4CB2891AFA3000A206A /* Base */ = {isa = PBXFileReference; lastKnownFileType = file.storyboard; name = Base; path = Base.lproj/LaunchScreen.storyboard; sourceTree = "<group>"; };
		C931C4CD2891AFA3000A206A /* Info.plist */ = {isa = PBXFileReference; lastKnownFileType = text.plist.xml; path = Info.plist; sourceTree = "<group>"; };
		C931C4D32891B571000A206A /* Secrets.swift */ = {isa = PBXFileReference; lastKnownFileType = sourcecode.swift; path = Secrets.swift; sourceTree = "<group>"; };
		C931C4D52891B7A8000A206A /* Networking.swift */ = {isa = PBXFileReference; lastKnownFileType = sourcecode.swift; path = Networking.swift; sourceTree = "<group>"; };
		C931C4D72891B8DE000A206A /* Model.swift */ = {isa = PBXFileReference; lastKnownFileType = sourcecode.swift; path = Model.swift; sourceTree = "<group>"; };
		C931C4D92891BAEC000A206A /* ViewModel.swift */ = {isa = PBXFileReference; lastKnownFileType = sourcecode.swift; path = ViewModel.swift; sourceTree = "<group>"; };
		C931C4DB2891C0F5000A206A /* TableViewCell.swift */ = {isa = PBXFileReference; lastKnownFileType = sourcecode.swift; path = TableViewCell.swift; sourceTree = "<group>"; };
		C931C4DC2891C0F5000A206A /* TableViewCell.xib */ = {isa = PBXFileReference; lastKnownFileType = file.xib; path = TableViewCell.xib; sourceTree = "<group>"; };
/* End PBXFileReference section */

/* Begin PBXFrameworksBuildPhase section */
		C931C4B92891AFA1000A206A /* Frameworks */ = {
			isa = PBXFrameworksBuildPhase;
			buildActionMask = 2147483647;
			files = (
			);
			runOnlyForDeploymentPostprocessing = 0;
		};
/* End PBXFrameworksBuildPhase section */

/* Begin PBXGroup section */
		0BCBF7112892DAEE001BF732 /* Supporting */ = {
			isa = PBXGroup;
			children = (
				C931C4BF2891AFA1000A206A /* AppDelegate.swift */,
				C931C4C12891AFA1000A206A /* SceneDelegate.swift */,
			);
			name = Supporting;
			sourceTree = "<group>";
		};
		0BCBF7122892DB06001BF732 /* Model */ = {
			isa = PBXGroup;
			children = (
				C931C4D72891B8DE000A206A /* Model.swift */,
			);
			name = Model;
			sourceTree = "<group>";
		};
		0BCBF7132892DB10001BF732 /* View */ = {
			isa = PBXGroup;
			children = (
				C931C4C32891AFA1000A206A /* ViewController.swift */,
				C931C4C52891AFA1000A206A /* Main.storyboard */,
				C931C4DB2891C0F5000A206A /* TableViewCell.swift */,
				C931C4DC2891C0F5000A206A /* TableViewCell.xib */,
			);
			name = View;
			sourceTree = "<group>";
		};
		0BCBF7142892DB1D001BF732 /* ViewModel */ = {
			isa = PBXGroup;
			children = (
				C931C4D92891BAEC000A206A /* ViewModel.swift */,
			);
			name = ViewModel;
			sourceTree = "<group>";
		};
		0BCBF7152892DB46001BF732 /* Service */ = {
			isa = PBXGroup;
			children = (
				C931C4D52891B7A8000A206A /* Networking.swift */,
			);
			name = Service;
			sourceTree = "<group>";
		};
		C931C4B32891AFA1000A206A = {
			isa = PBXGroup;
			children = (
				C931C4BE2891AFA1000A206A /* Drinks */,
				C931C4BD2891AFA1000A206A /* Products */,
			);
			sourceTree = "<group>";
		};
		C931C4BD2891AFA1000A206A /* Products */ = {
			isa = PBXGroup;
			children = (
				C931C4BC2891AFA1000A206A /* Drinks.app */,
			);
			name = Products;
			sourceTree = "<group>";
		};
		C931C4BE2891AFA1000A206A /* Drinks */ = {
			isa = PBXGroup;
			children = (
				0BCBF7122892DB06001BF732 /* Model */,
				0BCBF7132892DB10001BF732 /* View */,
				0BCBF7142892DB1D001BF732 /* ViewModel */,
				0BCBF7152892DB46001BF732 /* Service */,
				0BCBF7112892DAEE001BF732 /* Supporting */,
				C931C4C82891AFA3000A206A /* Assets.xcassets */,
				C931C4CA2891AFA3000A206A /* LaunchScreen.storyboard */,
				C931C4CD2891AFA3000A206A /* Info.plist */,
				C931C4D32891B571000A206A /* Secrets.swift */,
			);
			path = Drinks;
			sourceTree = "<group>";
		};
/* End PBXGroup section */

/* Begin PBXNativeTarget section */
		C931C4BB2891AFA1000A206A /* Drinks */ = {
			isa = PBXNativeTarget;
			buildConfigurationList = C931C4D02891AFA3000A206A /* Build configuration list for PBXNativeTarget "Drinks" */;
			buildPhases = (
				C931C4B82891AFA1000A206A /* Sources */,
				C931C4B92891AFA1000A206A /* Frameworks */,
				C931C4BA2891AFA1000A206A /* Resources */,
			);
			buildRules = (
			);
			dependencies = (
			);
			name = Drinks;
			productName = Drinks;
			productReference = C931C4BC2891AFA1000A206A /* Drinks.app */;
			productType = "com.apple.product-type.application";
		};
/* End PBXNativeTarget section */

/* Begin PBXProject section */
		C931C4B42891AFA1000A206A /* Project object */ = {
			isa = PBXProject;
			attributes = {
				BuildIndependentTargetsInParallel = 1;
				LastSwiftUpdateCheck = 1320;
				LastUpgradeCheck = 1320;
				TargetAttributes = {
					C931C4BB2891AFA1000A206A = {
						CreatedOnToolsVersion = 13.2.1;
					};
				};
			};
			buildConfigurationList = C931C4B72891AFA1000A206A /* Build configuration list for PBXProject "Drinks" */;
			compatibilityVersion = "Xcode 13.0";
			developmentRegion = en;
			hasScannedForEncodings = 0;
			knownRegions = (
				en,
				Base,
			);
			mainGroup = C931C4B32891AFA1000A206A;
			productRefGroup = C931C4BD2891AFA1000A206A /* Products */;
			projectDirPath = "";
			projectRoot = "";
			targets = (
				C931C4BB2891AFA1000A206A /* Drinks */,
			);
		};
/* End PBXProject section */

/* Begin PBXResourcesBuildPhase section */
		C931C4BA2891AFA1000A206A /* Resources */ = {
			isa = PBXResourcesBuildPhase;
			buildActionMask = 2147483647;
			files = (
				C931C4CC2891AFA3000A206A /* LaunchScreen.storyboard in Resources */,
				C931C4DE2891C0F5000A206A /* TableViewCell.xib in Resources */,
				C931C4C92891AFA3000A206A /* Assets.xcassets in Resources */,
				C931C4C72891AFA1000A206A /* Main.storyboard in Resources */,
			);
			runOnlyForDeploymentPostprocessing = 0;
		};
/* End PBXResourcesBuildPhase section */

/* Begin PBXSourcesBuildPhase section */
		C931C4B82891AFA1000A206A /* Sources */ = {
			isa = PBXSourcesBuildPhase;
			buildActionMask = 2147483647;
			files = (
				C931C4C42891AFA1000A206A /* ViewController.swift in Sources */,
				C931C4DD2891C0F5000A206A /* TableViewCell.swift in Sources */,
				C931C4D62891B7A8000A206A /* Networking.swift in Sources */,
				C931C4D42891B571000A206A /* Secrets.swift in Sources */,
				C931C4D82891B8DE000A206A /* Model.swift in Sources */,
				C931C4C02891AFA1000A206A /* AppDelegate.swift in Sources */,
				C931C4C22891AFA1000A206A /* SceneDelegate.swift in Sources */,
				C931C4DA2891BAEC000A206A /* ViewModel.swift in Sources */,
			);
			runOnlyForDeploymentPostprocessing = 0;
		};
/* End PBXSourcesBuildPhase section */

/* Begin PBXVariantGroup section */
		C931C4C52891AFA1000A206A /* Main.storyboard */ = {
			isa = PBXVariantGroup;
			children = (
				C931C4C62891AFA1000A206A /* Base */,
			);
			name = Main.storyboard;
			sourceTree = "<group>";
		};
		C931C4CA2891AFA3000A206A /* LaunchScreen.storyboard */ = {
			isa = PBXVariantGroup;
			children = (
				C931C4CB2891AFA3000A206A /* Base */,
			);
			name = LaunchScreen.storyboard;
			sourceTree = "<group>";
		};
/* End PBXVariantGroup section */

/* Begin XCBuildConfiguration section */
		C931C4CE2891AFA3000A206A /* Debug */ = {
			isa = XCBuildConfiguration;
			buildSettings = {
				ALWAYS_SEARCH_USER_PATHS = NO;
				CLANG_ANALYZER_NONNULL = YES;
				CLANG_ANALYZER_NUMBER_OBJECT_CONVERSION = YES_AGGRESSIVE;
				CLANG_CXX_LANGUAGE_STANDARD = "gnu++17";
				CLANG_CXX_LIBRARY = "libc++";
				CLANG_ENABLE_MODULES = YES;
				CLANG_ENABLE_OBJC_ARC = YES;
				CLANG_ENABLE_OBJC_WEAK = YES;
				CLANG_WARN_BLOCK_CAPTURE_AUTORELEASING = YES;
				CLANG_WARN_BOOL_CONVERSION = YES;
				CLANG_WARN_COMMA = YES;
				CLANG_WARN_CONSTANT_CONVERSION = YES;
				CLANG_WARN_DEPRECATED_OBJC_IMPLEMENTATIONS = YES;
				CLANG_WARN_DIRECT_OBJC_ISA_USAGE = YES_ERROR;
				CLANG_WARN_DOCUMENTATION_COMMENTS = YES;
				CLANG_WARN_EMPTY_BODY = YES;
				CLANG_WARN_ENUM_CONVERSION = YES;
				CLANG_WARN_INFINITE_RECURSION = YES;
				CLANG_WARN_INT_CONVERSION = YES;
				CLANG_WARN_NON_LITERAL_NULL_CONVERSION = YES;
				CLANG_WARN_OBJC_IMPLICIT_RETAIN_SELF = YES;
				CLANG_WARN_OBJC_LITERAL_CONVERSION = YES;
				CLANG_WARN_OBJC_ROOT_CLASS = YES_ERROR;
				CLANG_WARN_QUOTED_INCLUDE_IN_FRAMEWORK_HEADER = YES;
				CLANG_WARN_RANGE_LOOP_ANALYSIS = YES;
				CLANG_WARN_STRICT_PROTOTYPES = YES;
				CLANG_WARN_SUSPICIOUS_MOVE = YES;
				CLANG_WARN_UNGUARDED_AVAILABILITY = YES_AGGRESSIVE;
				CLANG_WARN_UNREACHABLE_CODE = YES;
				CLANG_WARN__DUPLICATE_METHOD_MATCH = YES;
				COPY_PHASE_STRIP = NO;
				DEBUG_INFORMATION_FORMAT = dwarf;
				ENABLE_STRICT_OBJC_MSGSEND = YES;
				ENABLE_TESTABILITY = YES;
				GCC_C_LANGUAGE_STANDARD = gnu11;
				GCC_DYNAMIC_NO_PIC = NO;
				GCC_NO_COMMON_BLOCKS = YES;
				GCC_OPTIMIZATION_LEVEL = 0;
				GCC_PREPROCESSOR_DEFINITIONS = (
					"DEBUG=1",
					"$(inherited)",
				);
				GCC_WARN_64_TO_32_BIT_CONVERSION = YES;
				GCC_WARN_ABOUT_RETURN_TYPE = YES_ERROR;
				GCC_WARN_UNDECLARED_SELECTOR = YES;
				GCC_WARN_UNINITIALIZED_AUTOS = YES_AGGRESSIVE;
				GCC_WARN_UNUSED_FUNCTION = YES;
				GCC_WARN_UNUSED_VARIABLE = YES;
				IPHONEOS_DEPLOYMENT_TARGET = 15.2;
				MTL_ENABLE_DEBUG_INFO = INCLUDE_SOURCE;
				MTL_FAST_MATH = YES;
				ONLY_ACTIVE_ARCH = YES;
				SDKROOT = iphoneos;
				SWIFT_ACTIVE_COMPILATION_CONDITIONS = DEBUG;
				SWIFT_OPTIMIZATION_LEVEL = "-Onone";
			};
			name = Debug;
		};
		C931C4CF2891AFA3000A206A /* Release */ = {
			isa = XCBuildConfiguration;
			buildSettings = {
				ALWAYS_SEARCH_USER_PATHS = NO;
				CLANG_ANALYZER_NONNULL = YES;
				CLANG_ANALYZER_NUMBER_OBJECT_CONVERSION = YES_AGGRESSIVE;
				CLANG_CXX_LANGUAGE_STANDARD = "gnu++17";
				CLANG_CXX_LIBRARY = "libc++";
				CLANG_ENABLE_MODULES = YES;
				CLANG_ENABLE_OBJC_ARC = YES;
				CLANG_ENABLE_OBJC_WEAK = YES;
				CLANG_WARN_BLOCK_CAPTURE_AUTORELEASING = YES;
				CLANG_WARN_BOOL_CONVERSION = YES;
				CLANG_WARN_COMMA = YES;
				CLANG_WARN_CONSTANT_CONVERSION = YES;
				CLANG_WARN_DEPRECATED_OBJC_IMPLEMENTATIONS = YES;
				CLANG_WARN_DIRECT_OBJC_ISA_USAGE = YES_ERROR;
				CLANG_WARN_DOCUMENTATION_COMMENTS = YES;
				CLANG_WARN_EMPTY_BODY = YES;
				CLANG_WARN_ENUM_CONVERSION = YES;
				CLANG_WARN_INFINITE_RECURSION = YES;
				CLANG_WARN_INT_CONVERSION = YES;
				CLANG_WARN_NON_LITERAL_NULL_CONVERSION = YES;
				CLANG_WARN_OBJC_IMPLICIT_RETAIN_SELF = YES;
				CLANG_WARN_OBJC_LITERAL_CONVERSION = YES;
				CLANG_WARN_OBJC_ROOT_CLASS = YES_ERROR;
				CLANG_WARN_QUOTED_INCLUDE_IN_FRAMEWORK_HEADER = YES;
				CLANG_WARN_RANGE_LOOP_ANALYSIS = YES;
				CLANG_WARN_STRICT_PROTOTYPES = YES;
				CLANG_WARN_SUSPICIOUS_MOVE = YES;
				CLANG_WARN_UNGUARDED_AVAILABILITY = YES_AGGRESSIVE;
				CLANG_WARN_UNREACHABLE_CODE = YES;
				CLANG_WARN__DUPLICATE_METHOD_MATCH = YES;
				COPY_PHASE_STRIP = NO;
				DEBUG_INFORMATION_FORMAT = "dwarf-with-dsym";
				ENABLE_NS_ASSERTIONS = NO;
				ENABLE_STRICT_OBJC_MSGSEND = YES;
				GCC_C_LANGUAGE_STANDARD = gnu11;
				GCC_NO_COMMON_BLOCKS = YES;
				GCC_WARN_64_TO_32_BIT_CONVERSION = YES;
				GCC_WARN_ABOUT_RETURN_TYPE = YES_ERROR;
				GCC_WARN_UNDECLARED_SELECTOR = YES;
				GCC_WARN_UNINITIALIZED_AUTOS = YES_AGGRESSIVE;
				GCC_WARN_UNUSED_FUNCTION = YES;
				GCC_WARN_UNUSED_VARIABLE = YES;
				IPHONEOS_DEPLOYMENT_TARGET = 15.2;
				MTL_ENABLE_DEBUG_INFO = NO;
				MTL_FAST_MATH = YES;
				SDKROOT = iphoneos;
				SWIFT_COMPILATION_MODE = wholemodule;
				SWIFT_OPTIMIZATION_LEVEL = "-O";
				VALIDATE_PRODUCT = YES;
			};
			name = Release;
		};
		C931C4D12891AFA3000A206A /* Debug */ = {
			isa = XCBuildConfiguration;
			buildSettings = {
				ASSETCATALOG_COMPILER_APPICON_NAME = AppIcon;
				ASSETCATALOG_COMPILER_GLOBAL_ACCENT_COLOR_NAME = AccentColor;
				CODE_SIGN_STYLE = Automatic;
				CURRENT_PROJECT_VERSION = 1;
				GENERATE_INFOPLIST_FILE = YES;
				INFOPLIST_FILE = Drinks/Info.plist;
				INFOPLIST_KEY_CFBundleDisplayName = Cats;
				INFOPLIST_KEY_UIApplicationSupportsIndirectInputEvents = YES;
				INFOPLIST_KEY_UILaunchStoryboardName = LaunchScreen;
				INFOPLIST_KEY_UIMainStoryboardFile = Main;
				INFOPLIST_KEY_UISupportedInterfaceOrientations_iPad = "UIInterfaceOrientationPortrait UIInterfaceOrientationPortraitUpsideDown UIInterfaceOrientationLandscapeLeft UIInterfaceOrientationLandscapeRight";
				INFOPLIST_KEY_UISupportedInterfaceOrientations_iPhone = "UIInterfaceOrientationPortrait UIInterfaceOrientationLandscapeLeft UIInterfaceOrientationLandscapeRight";
				LD_RUNPATH_SEARCH_PATHS = (
					"$(inherited)",
					"@executable_path/Frameworks",
				);
				MARKETING_VERSION = 1.0;
				PRODUCT_BUNDLE_IDENTIFIER = personal.Drinks;
				PRODUCT_NAME = "$(TARGET_NAME)";
				SWIFT_EMIT_LOC_STRINGS = YES;
				SWIFT_VERSION = 5.0;
				TARGETED_DEVICE_FAMILY = "1,2";
			};
			name = Debug;
		};
		C931C4D22891AFA3000A206A /* Release */ = {
			isa = XCBuildConfiguration;
			buildSettings = {
				ASSETCATALOG_COMPILER_APPICON_NAME = AppIcon;
				ASSETCATALOG_COMPILER_GLOBAL_ACCENT_COLOR_NAME = AccentColor;
				CODE_SIGN_STYLE = Automatic;
				CURRENT_PROJECT_VERSION = 1;
				GENERATE_INFOPLIST_FILE = YES;
				INFOPLIST_FILE = Drinks/Info.plist;
				INFOPLIST_KEY_CFBundleDisplayName = Cats;
				INFOPLIST_KEY_UIApplicationSupportsIndirectInputEvents = YES;
				INFOPLIST_KEY_UILaunchStoryboardName = LaunchScreen;
				INFOPLIST_KEY_UIMainStoryboardFile = Main;
				INFOPLIST_KEY_UISupportedInterfaceOrientations_iPad = "UIInterfaceOrientationPortrait UIInterfaceOrientationPortraitUpsideDown UIInterfaceOrientationLandscapeLeft UIInterfaceOrientationLandscapeRight";
				INFOPLIST_KEY_UISupportedInterfaceOrientations_iPhone = "UIInterfaceOrientationPortrait UIInterfaceOrientationLandscapeLeft UIInterfaceOrientationLandscapeRight";
				LD_RUNPATH_SEARCH_PATHS = (
					"$(inherited)",
					"@executable_path/Frameworks",
				);
				MARKETING_VERSION = 1.0;
				PRODUCT_BUNDLE_IDENTIFIER = personal.Drinks;
				PRODUCT_NAME = "$(TARGET_NAME)";
				SWIFT_EMIT_LOC_STRINGS = YES;
				SWIFT_VERSION = 5.0;
				TARGETED_DEVICE_FAMILY = "1,2";
			};
			name = Release;
		};
/* End XCBuildConfiguration section */

/* Begin XCConfigurationList section */
		C931C4B72891AFA1000A206A /* Build configuration list for PBXProject "Drinks" */ = {
			isa = XCConfigurationList;
			buildConfigurations = (
				C931C4CE2891AFA3000A206A /* Debug */,
				C931C4CF2891AFA3000A206A /* Release */,
			);
			defaultConfigurationIsVisible = 0;
			defaultConfigurationName = Release;
		};
		C931C4D02891AFA3000A206A /* Build configuration list for PBXNativeTarget "Drinks" */ = {
			isa = XCConfigurationList;
			buildConfigurations = (
				C931C4D12891AFA3000A206A /* Debug */,
				C931C4D22891AFA3000A206A /* Release */,
			);
			defaultConfigurationIsVisible = 0;
			defaultConfigurationName = Release;
		};
/* End XCConfigurationList section */
	};
	rootObject = C931C4B42891AFA1000A206A /* Project object */;
}
