// !$*UTF8*$!
{
	archiveVersion = 1;
	classes = {
	};
	objectVersion = 55;
	objects = {

/* Begin PBXBuildFile section */
		C795B67928986A60005720BA /* AppDelegate.swift in Sources */ = {isa = PBXBuildFile; fileRef = C795B67828986A60005720BA /* AppDelegate.swift */; };
		C795B67B28986A60005720BA /* SceneDelegate.swift in Sources */ = {isa = PBXBuildFile; fileRef = C795B67A28986A60005720BA /* SceneDelegate.swift */; };
		C795B67D28986A60005720BA /* ViewController.swift in Sources */ = {isa = PBXBuildFile; fileRef = C795B67C28986A60005720BA /* ViewController.swift */; };
		C795B68028986A60005720BA /* Main.storyboard in Resources */ = {isa = PBXBuildFile; fileRef = C795B67E28986A60005720BA /* Main.storyboard */; };
		C795B68228986A60005720BA /* Assets.xcassets in Resources */ = {isa = PBXBuildFile; fileRef = C795B68128986A60005720BA /* Assets.xcassets */; };
		C795B68528986A60005720BA /* LaunchScreen.storyboard in Resources */ = {isa = PBXBuildFile; fileRef = C795B68328986A60005720BA /* LaunchScreen.storyboard */; };
		C795B69428986A78005720BA /* qrApp.mov in Resources */ = {isa = PBXBuildFile; fileRef = C795B68C28986A77005720BA /* qrApp.mov */; };
		C795B69528986A78005720BA /* 05examplePrintSequnce.png in Resources */ = {isa = PBXBuildFile; fileRef = C795B68D28986A77005720BA /* 05examplePrintSequnce.png */; };
		C795B69628986A78005720BA /* 01HomeScreen.png in Resources */ = {isa = PBXBuildFile; fileRef = C795B68E28986A78005720BA /* 01HomeScreen.png */; };
		C795B69728986A78005720BA /* 05asyncCall.png in Resources */ = {isa = PBXBuildFile; fileRef = C795B68F28986A78005720BA /* 05asyncCall.png */; };
		C795B69828986A78005720BA /* 05syncCall.png in Resources */ = {isa = PBXBuildFile; fileRef = C795B69028986A78005720BA /* 05syncCall.png */; };
		C795B69928986A78005720BA /* 04DisplayQRVC.png in Resources */ = {isa = PBXBuildFile; fileRef = C795B69128986A78005720BA /* 04DisplayQRVC.png */; };
		C795B69A28986A78005720BA /* 02AccountScreen.png in Resources */ = {isa = PBXBuildFile; fileRef = C795B69228986A78005720BA /* 02AccountScreen.png */; };
		C795B69B28986A78005720BA /* 03CreateQRVC.png in Resources */ = {isa = PBXBuildFile; fileRef = C795B69328986A78005720BA /* 03CreateQRVC.png */; };
/* End PBXBuildFile section */

/* Begin PBXFileReference section */
		C795B67528986A60005720BA /* QRCode.app */ = {isa = PBXFileReference; explicitFileType = wrapper.application; includeInIndex = 0; path = QRCode.app; sourceTree = BUILT_PRODUCTS_DIR; };
		C795B67828986A60005720BA /* AppDelegate.swift */ = {isa = PBXFileReference; lastKnownFileType = sourcecode.swift; path = AppDelegate.swift; sourceTree = "<group>"; };
		C795B67A28986A60005720BA /* SceneDelegate.swift */ = {isa = PBXFileReference; lastKnownFileType = sourcecode.swift; path = SceneDelegate.swift; sourceTree = "<group>"; };
		C795B67C28986A60005720BA /* ViewController.swift */ = {isa = PBXFileReference; lastKnownFileType = sourcecode.swift; path = ViewController.swift; sourceTree = "<group>"; };
		C795B67F28986A60005720BA /* Base */ = {isa = PBXFileReference; lastKnownFileType = file.storyboard; name = Base; path = Base.lproj/Main.storyboard; sourceTree = "<group>"; };
		C795B68128986A60005720BA /* Assets.xcassets */ = {isa = PBXFileReference; lastKnownFileType = folder.assetcatalog; path = Assets.xcassets; sourceTree = "<group>"; };
		C795B68428986A60005720BA /* Base */ = {isa = PBXFileReference; lastKnownFileType = file.storyboard; name = Base; path = Base.lproj/LaunchScreen.storyboard; sourceTree = "<group>"; };
		C795B68628986A60005720BA /* Info.plist */ = {isa = PBXFileReference; lastKnownFileType = text.plist.xml; path = Info.plist; sourceTree = "<group>"; };
		C795B68C28986A77005720BA /* qrApp.mov */ = {isa = PBXFileReference; lastKnownFileType = video.quicktime; name = qrApp.mov; path = ../../QRAppScreenshots/qrApp.mov; sourceTree = "<group>"; };
		C795B68D28986A77005720BA /* 05examplePrintSequnce.png */ = {isa = PBXFileReference; lastKnownFileType = image.png; name = 05examplePrintSequnce.png; path = ../../QRAppScreenshots/05examplePrintSequnce.png; sourceTree = "<group>"; };
		C795B68E28986A78005720BA /* 01HomeScreen.png */ = {isa = PBXFileReference; lastKnownFileType = image.png; name = 01HomeScreen.png; path = ../../QRAppScreenshots/01HomeScreen.png; sourceTree = "<group>"; };
		C795B68F28986A78005720BA /* 05asyncCall.png */ = {isa = PBXFileReference; lastKnownFileType = image.png; name = 05asyncCall.png; path = ../../QRAppScreenshots/05asyncCall.png; sourceTree = "<group>"; };
		C795B69028986A78005720BA /* 05syncCall.png */ = {isa = PBXFileReference; lastKnownFileType = image.png; name = 05syncCall.png; path = ../../QRAppScreenshots/05syncCall.png; sourceTree = "<group>"; };
		C795B69128986A78005720BA /* 04DisplayQRVC.png */ = {isa = PBXFileReference; lastKnownFileType = image.png; name = 04DisplayQRVC.png; path = ../../QRAppScreenshots/04DisplayQRVC.png; sourceTree = "<group>"; };
		C795B69228986A78005720BA /* 02AccountScreen.png */ = {isa = PBXFileReference; lastKnownFileType = image.png; name = 02AccountScreen.png; path = ../../QRAppScreenshots/02AccountScreen.png; sourceTree = "<group>"; };
		C795B69328986A78005720BA /* 03CreateQRVC.png */ = {isa = PBXFileReference; lastKnownFileType = image.png; name = 03CreateQRVC.png; path = ../../QRAppScreenshots/03CreateQRVC.png; sourceTree = "<group>"; };
/* End PBXFileReference section */

/* Begin PBXFrameworksBuildPhase section */
		C795B67228986A60005720BA /* Frameworks */ = {
			isa = PBXFrameworksBuildPhase;
			buildActionMask = 2147483647;
			files = (
			);
			runOnlyForDeploymentPostprocessing = 0;
		};
/* End PBXFrameworksBuildPhase section */

/* Begin PBXGroup section */
		C795B66C28986A60005720BA = {
			isa = PBXGroup;
			children = (
				C795B67728986A60005720BA /* QRCode */,
				C795B67628986A60005720BA /* Products */,
			);
			sourceTree = "<group>";
		};
		C795B67628986A60005720BA /* Products */ = {
			isa = PBXGroup;
			children = (
				C795B67528986A60005720BA /* QRCode.app */,
			);
			name = Products;
			sourceTree = "<group>";
		};
		C795B67728986A60005720BA /* QRCode */ = {
			isa = PBXGroup;
			children = (
				C795B67828986A60005720BA /* AppDelegate.swift */,
				C795B67A28986A60005720BA /* SceneDelegate.swift */,
				C795B67C28986A60005720BA /* ViewController.swift */,
				C795B67E28986A60005720BA /* Main.storyboard */,
				C795B68128986A60005720BA /* Assets.xcassets */,
				C795B68328986A60005720BA /* LaunchScreen.storyboard */,
				C795B68628986A60005720BA /* Info.plist */,
				C795B68E28986A78005720BA /* 01HomeScreen.png */,
				C795B69228986A78005720BA /* 02AccountScreen.png */,
				C795B69328986A78005720BA /* 03CreateQRVC.png */,
				C795B69128986A78005720BA /* 04DisplayQRVC.png */,
				C795B68F28986A78005720BA /* 05asyncCall.png */,
				C795B68D28986A77005720BA /* 05examplePrintSequnce.png */,
				C795B69028986A78005720BA /* 05syncCall.png */,
				C795B68C28986A77005720BA /* qrApp.mov */,
			);
			path = QRCode;
			sourceTree = "<group>";
		};
/* End PBXGroup section */

/* Begin PBXNativeTarget section */
		C795B67428986A60005720BA /* QRCode */ = {
			isa = PBXNativeTarget;
			buildConfigurationList = C795B68928986A60005720BA /* Build configuration list for PBXNativeTarget "QRCode" */;
			buildPhases = (
				C795B67128986A60005720BA /* Sources */,
				C795B67228986A60005720BA /* Frameworks */,
				C795B67328986A60005720BA /* Resources */,
			);
			buildRules = (
			);
			dependencies = (
			);
			name = QRCode;
			productName = QRCode;
			productReference = C795B67528986A60005720BA /* QRCode.app */;
			productType = "com.apple.product-type.application";
		};
/* End PBXNativeTarget section */

/* Begin PBXProject section */
		C795B66D28986A60005720BA /* Project object */ = {
			isa = PBXProject;
			attributes = {
				BuildIndependentTargetsInParallel = 1;
				LastSwiftUpdateCheck = 1340;
				LastUpgradeCheck = 1340;
				TargetAttributes = {
					C795B67428986A60005720BA = {
						CreatedOnToolsVersion = 13.4.1;
					};
				};
			};
			buildConfigurationList = C795B67028986A60005720BA /* Build configuration list for PBXProject "QRCode" */;
			compatibilityVersion = "Xcode 13.0";
			developmentRegion = en;
			hasScannedForEncodings = 0;
			knownRegions = (
				en,
				Base,
			);
			mainGroup = C795B66C28986A60005720BA;
			productRefGroup = C795B67628986A60005720BA /* Products */;
			projectDirPath = "";
			projectRoot = "";
			targets = (
				C795B67428986A60005720BA /* QRCode */,
			);
		};
/* End PBXProject section */

/* Begin PBXResourcesBuildPhase section */
		C795B67328986A60005720BA /* Resources */ = {
			isa = PBXResourcesBuildPhase;
			buildActionMask = 2147483647;
			files = (
				C795B69928986A78005720BA /* 04DisplayQRVC.png in Resources */,
				C795B69A28986A78005720BA /* 02AccountScreen.png in Resources */,
				C795B69528986A78005720BA /* 05examplePrintSequnce.png in Resources */,
				C795B68528986A60005720BA /* LaunchScreen.storyboard in Resources */,
				C795B69428986A78005720BA /* qrApp.mov in Resources */,
				C795B69728986A78005720BA /* 05asyncCall.png in Resources */,
				C795B69628986A78005720BA /* 01HomeScreen.png in Resources */,
				C795B68228986A60005720BA /* Assets.xcassets in Resources */,
				C795B69B28986A78005720BA /* 03CreateQRVC.png in Resources */,
				C795B68028986A60005720BA /* Main.storyboard in Resources */,
				C795B69828986A78005720BA /* 05syncCall.png in Resources */,
			);
			runOnlyForDeploymentPostprocessing = 0;
		};
/* End PBXResourcesBuildPhase section */

/* Begin PBXSourcesBuildPhase section */
		C795B67128986A60005720BA /* Sources */ = {
			isa = PBXSourcesBuildPhase;
			buildActionMask = 2147483647;
			files = (
				C795B67D28986A60005720BA /* ViewController.swift in Sources */,
				C795B67928986A60005720BA /* AppDelegate.swift in Sources */,
				C795B67B28986A60005720BA /* SceneDelegate.swift in Sources */,
			);
			runOnlyForDeploymentPostprocessing = 0;
		};
/* End PBXSourcesBuildPhase section */

/* Begin PBXVariantGroup section */
		C795B67E28986A60005720BA /* Main.storyboard */ = {
			isa = PBXVariantGroup;
			children = (
				C795B67F28986A60005720BA /* Base */,
			);
			name = Main.storyboard;
			sourceTree = "<group>";
		};
		C795B68328986A60005720BA /* LaunchScreen.storyboard */ = {
			isa = PBXVariantGroup;
			children = (
				C795B68428986A60005720BA /* Base */,
			);
			name = LaunchScreen.storyboard;
			sourceTree = "<group>";
		};
/* End PBXVariantGroup section */

/* Begin XCBuildConfiguration section */
		C795B68728986A60005720BA /* Debug */ = {
			isa = XCBuildConfiguration;
			buildSettings = {
				ALWAYS_SEARCH_USER_PATHS = NO;
				CLANG_ANALYZER_NONNULL = YES;
				CLANG_ANALYZER_NUMBER_OBJECT_CONVERSION = YES_AGGRESSIVE;
				CLANG_CXX_LANGUAGE_STANDARD = "gnu++17";
				CLANG_ENABLE_MODULES = YES;
				CLANG_ENABLE_OBJC_ARC = YES;
				CLANG_ENABLE_OBJC_WEAK = YES;
				CLANG_WARN_BLOCK_CAPTURE_AUTORELEASING = YES;
				CLANG_WARN_BOOL_CONVERSION = YES;
				CLANG_WARN_COMMA = YES;
				CLANG_WARN_CONSTANT_CONVERSION = YES;
				CLANG_WARN_DEPRECATED_OBJC_IMPLEMENTATIONS = YES;
				CLANG_WARN_DIRECT_OBJC_ISA_USAGE = YES_ERROR;
				CLANG_WARN_DOCUMENTATION_COMMENTS = YES;
				CLANG_WARN_EMPTY_BODY = YES;
				CLANG_WARN_ENUM_CONVERSION = YES;
				CLANG_WARN_INFINITE_RECURSION = YES;
				CLANG_WARN_INT_CONVERSION = YES;
				CLANG_WARN_NON_LITERAL_NULL_CONVERSION = YES;
				CLANG_WARN_OBJC_IMPLICIT_RETAIN_SELF = YES;
				CLANG_WARN_OBJC_LITERAL_CONVERSION = YES;
				CLANG_WARN_OBJC_ROOT_CLASS = YES_ERROR;
				CLANG_WARN_QUOTED_INCLUDE_IN_FRAMEWORK_HEADER = YES;
				CLANG_WARN_RANGE_LOOP_ANALYSIS = YES;
				CLANG_WARN_STRICT_PROTOTYPES = YES;
				CLANG_WARN_SUSPICIOUS_MOVE = YES;
				CLANG_WARN_UNGUARDED_AVAILABILITY = YES_AGGRESSIVE;
				CLANG_WARN_UNREACHABLE_CODE = YES;
				CLANG_WARN__DUPLICATE_METHOD_MATCH = YES;
				COPY_PHASE_STRIP = NO;
				DEBUG_INFORMATION_FORMAT = dwarf;
				ENABLE_STRICT_OBJC_MSGSEND = YES;
				ENABLE_TESTABILITY = YES;
				GCC_C_LANGUAGE_STANDARD = gnu11;
				GCC_DYNAMIC_NO_PIC = NO;
				GCC_NO_COMMON_BLOCKS = YES;
				GCC_OPTIMIZATION_LEVEL = 0;
				GCC_PREPROCESSOR_DEFINITIONS = (
					"DEBUG=1",
					"$(inherited)",
				);
				GCC_WARN_64_TO_32_BIT_CONVERSION = YES;
				GCC_WARN_ABOUT_RETURN_TYPE = YES_ERROR;
				GCC_WARN_UNDECLARED_SELECTOR = YES;
				GCC_WARN_UNINITIALIZED_AUTOS = YES_AGGRESSIVE;
				GCC_WARN_UNUSED_FUNCTION = YES;
				GCC_WARN_UNUSED_VARIABLE = YES;
				IPHONEOS_DEPLOYMENT_TARGET = 15.5;
				MTL_ENABLE_DEBUG_INFO = INCLUDE_SOURCE;
				MTL_FAST_MATH = YES;
				ONLY_ACTIVE_ARCH = YES;
				SDKROOT = iphoneos;
				SWIFT_ACTIVE_COMPILATION_CONDITIONS = DEBUG;
				SWIFT_OPTIMIZATION_LEVEL = "-Onone";
			};
			name = Debug;
		};
		C795B68828986A60005720BA /* Release */ = {
			isa = XCBuildConfiguration;
			buildSettings = {
				ALWAYS_SEARCH_USER_PATHS = NO;
				CLANG_ANALYZER_NONNULL = YES;
				CLANG_ANALYZER_NUMBER_OBJECT_CONVERSION = YES_AGGRESSIVE;
				CLANG_CXX_LANGUAGE_STANDARD = "gnu++17";
				CLANG_ENABLE_MODULES = YES;
				CLANG_ENABLE_OBJC_ARC = YES;
				CLANG_ENABLE_OBJC_WEAK = YES;
				CLANG_WARN_BLOCK_CAPTURE_AUTORELEASING = YES;
				CLANG_WARN_BOOL_CONVERSION = YES;
				CLANG_WARN_COMMA = YES;
				CLANG_WARN_CONSTANT_CONVERSION = YES;
				CLANG_WARN_DEPRECATED_OBJC_IMPLEMENTATIONS = YES;
				CLANG_WARN_DIRECT_OBJC_ISA_USAGE = YES_ERROR;
				CLANG_WARN_DOCUMENTATION_COMMENTS = YES;
				CLANG_WARN_EMPTY_BODY = YES;
				CLANG_WARN_ENUM_CONVERSION = YES;
				CLANG_WARN_INFINITE_RECURSION = YES;
				CLANG_WARN_INT_CONVERSION = YES;
				CLANG_WARN_NON_LITERAL_NULL_CONVERSION = YES;
				CLANG_WARN_OBJC_IMPLICIT_RETAIN_SELF = YES;
				CLANG_WARN_OBJC_LITERAL_CONVERSION = YES;
				CLANG_WARN_OBJC_ROOT_CLASS = YES_ERROR;
				CLANG_WARN_QUOTED_INCLUDE_IN_FRAMEWORK_HEADER = YES;
				CLANG_WARN_RANGE_LOOP_ANALYSIS = YES;
				CLANG_WARN_STRICT_PROTOTYPES = YES;
				CLANG_WARN_SUSPICIOUS_MOVE = YES;
				CLANG_WARN_UNGUARDED_AVAILABILITY = YES_AGGRESSIVE;
				CLANG_WARN_UNREACHABLE_CODE = YES;
				CLANG_WARN__DUPLICATE_METHOD_MATCH = YES;
				COPY_PHASE_STRIP = NO;
				DEBUG_INFORMATION_FORMAT = "dwarf-with-dsym";
				ENABLE_NS_ASSERTIONS = NO;
				ENABLE_STRICT_OBJC_MSGSEND = YES;
				GCC_C_LANGUAGE_STANDARD = gnu11;
				GCC_NO_COMMON_BLOCKS = YES;
				GCC_WARN_64_TO_32_BIT_CONVERSION = YES;
				GCC_WARN_ABOUT_RETURN_TYPE = YES_ERROR;
				GCC_WARN_UNDECLARED_SELECTOR = YES;
				GCC_WARN_UNINITIALIZED_AUTOS = YES_AGGRESSIVE;
				GCC_WARN_UNUSED_FUNCTION = YES;
				GCC_WARN_UNUSED_VARIABLE = YES;
				IPHONEOS_DEPLOYMENT_TARGET = 15.5;
				MTL_ENABLE_DEBUG_INFO = NO;
				MTL_FAST_MATH = YES;
				SDKROOT = iphoneos;
				SWIFT_COMPILATION_MODE = wholemodule;
				SWIFT_OPTIMIZATION_LEVEL = "-O";
				VALIDATE_PRODUCT = YES;
			};
			name = Release;
		};
		C795B68A28986A60005720BA /* Debug */ = {
			isa = XCBuildConfiguration;
			buildSettings = {
				ASSETCATALOG_COMPILER_APPICON_NAME = AppIcon;
				ASSETCATALOG_COMPILER_GLOBAL_ACCENT_COLOR_NAME = AccentColor;
				CODE_SIGN_STYLE = Automatic;
				CURRENT_PROJECT_VERSION = 1;
				GENERATE_INFOPLIST_FILE = YES;
				INFOPLIST_FILE = QRCode/Info.plist;
				INFOPLIST_KEY_UIApplicationSupportsIndirectInputEvents = YES;
				INFOPLIST_KEY_UILaunchStoryboardName = LaunchScreen;
				INFOPLIST_KEY_UIMainStoryboardFile = Main;
				INFOPLIST_KEY_UISupportedInterfaceOrientations_iPad = "UIInterfaceOrientationPortrait UIInterfaceOrientationPortraitUpsideDown UIInterfaceOrientationLandscapeLeft UIInterfaceOrientationLandscapeRight";
				INFOPLIST_KEY_UISupportedInterfaceOrientations_iPhone = "UIInterfaceOrientationPortrait UIInterfaceOrientationLandscapeLeft UIInterfaceOrientationLandscapeRight";
				LD_RUNPATH_SEARCH_PATHS = (
					"$(inherited)",
					"@executable_path/Frameworks",
				);
				MARKETING_VERSION = 1.0;
				PRODUCT_BUNDLE_IDENTIFIER = Jon.QRCode;
				PRODUCT_NAME = "$(TARGET_NAME)";
				SWIFT_EMIT_LOC_STRINGS = YES;
				SWIFT_VERSION = 5.0;
				TARGETED_DEVICE_FAMILY = "1,2";
			};
			name = Debug;
		};
		C795B68B28986A60005720BA /* Release */ = {
			isa = XCBuildConfiguration;
			buildSettings = {
				ASSETCATALOG_COMPILER_APPICON_NAME = AppIcon;
				ASSETCATALOG_COMPILER_GLOBAL_ACCENT_COLOR_NAME = AccentColor;
				CODE_SIGN_STYLE = Automatic;
				CURRENT_PROJECT_VERSION = 1;
				GENERATE_INFOPLIST_FILE = YES;
				INFOPLIST_FILE = QRCode/Info.plist;
				INFOPLIST_KEY_UIApplicationSupportsIndirectInputEvents = YES;
				INFOPLIST_KEY_UILaunchStoryboardName = LaunchScreen;
				INFOPLIST_KEY_UIMainStoryboardFile = Main;
				INFOPLIST_KEY_UISupportedInterfaceOrientations_iPad = "UIInterfaceOrientationPortrait UIInterfaceOrientationPortraitUpsideDown UIInterfaceOrientationLandscapeLeft UIInterfaceOrientationLandscapeRight";
				INFOPLIST_KEY_UISupportedInterfaceOrientations_iPhone = "UIInterfaceOrientationPortrait UIInterfaceOrientationLandscapeLeft UIInterfaceOrientationLandscapeRight";
				LD_RUNPATH_SEARCH_PATHS = (
					"$(inherited)",
					"@executable_path/Frameworks",
				);
				MARKETING_VERSION = 1.0;
				PRODUCT_BUNDLE_IDENTIFIER = Jon.QRCode;
				PRODUCT_NAME = "$(TARGET_NAME)";
				SWIFT_EMIT_LOC_STRINGS = YES;
				SWIFT_VERSION = 5.0;
				TARGETED_DEVICE_FAMILY = "1,2";
			};
			name = Release;
		};
/* End XCBuildConfiguration section */

/* Begin XCConfigurationList section */
		C795B67028986A60005720BA /* Build configuration list for PBXProject "QRCode" */ = {
			isa = XCConfigurationList;
			buildConfigurations = (
				C795B68728986A60005720BA /* Debug */,
				C795B68828986A60005720BA /* Release */,
			);
			defaultConfigurationIsVisible = 0;
			defaultConfigurationName = Release;
		};
		C795B68928986A60005720BA /* Build configuration list for PBXNativeTarget "QRCode" */ = {
			isa = XCConfigurationList;
			buildConfigurations = (
				C795B68A28986A60005720BA /* Debug */,
				C795B68B28986A60005720BA /* Release */,
			);
			defaultConfigurationIsVisible = 0;
			defaultConfigurationName = Release;
		};
/* End XCConfigurationList section */
	};
	rootObject = C795B66D28986A60005720BA /* Project object */;
}
