// !$*UTF8*$!
{
	archiveVersion = 1;
	classes = {
	};
	objectVersion = 55;
	objects = {

/* Begin PBXBuildFile section */
		D05FB1BD2880A21000426924 /* Tests_iOS.swift in Sources */ = {isa = PBXBuildFile; fileRef = D05FB1BC2880A21000426924 /* Tests_iOS.swift */; };
		D05FB1BF2880A21000426924 /* Tests_iOSLaunchTests.swift in Sources */ = {isa = PBXBuildFile; fileRef = D05FB1BE2880A21000426924 /* Tests_iOSLaunchTests.swift */; };
		D05FB1C92880A21000426924 /* Tests_macOS.swift in Sources */ = {isa = PBXBuildFile; fileRef = D05FB1C82880A21000426924 /* Tests_macOS.swift */; };
		D05FB1CB2880A21000426924 /* Tests_macOSLaunchTests.swift in Sources */ = {isa = PBXBuildFile; fileRef = D05FB1CA2880A21000426924 /* Tests_macOSLaunchTests.swift */; };
		D05FB1CC2880A21000426924 /* AutoApp.swift in Sources */ = {isa = PBXBuildFile; fileRef = D05FB1A42880A21000426924 /* AutoApp.swift */; };
		D05FB1CD2880A21000426924 /* AutoApp.swift in Sources */ = {isa = PBXBuildFile; fileRef = D05FB1A42880A21000426924 /* AutoApp.swift */; };
		D05FB1CE2880A21000426924 /* ContentView.swift in Sources */ = {isa = PBXBuildFile; fileRef = D05FB1A52880A21000426924 /* ContentView.swift */; };
		D05FB1CF2880A21000426924 /* ContentView.swift in Sources */ = {isa = PBXBuildFile; fileRef = D05FB1A52880A21000426924 /* ContentView.swift */; };
		D05FB1D02880A21000426924 /* Assets.xcassets in Resources */ = {isa = PBXBuildFile; fileRef = D05FB1A62880A21000426924 /* Assets.xcassets */; };
		D05FB1D12880A21000426924 /* Assets.xcassets in Resources */ = {isa = PBXBuildFile; fileRef = D05FB1A62880A21000426924 /* Assets.xcassets */; };
		D05FB1E32880A23000426924 /* Shop.swift in Sources */ = {isa = PBXBuildFile; fileRef = D05FB1E02880A23000426924 /* Shop.swift */; };
		D05FB1E42880A23000426924 /* Shop.swift in Sources */ = {isa = PBXBuildFile; fileRef = D05FB1E02880A23000426924 /* Shop.swift */; };
		D05FB1E52880A23000426924 /* Vehicle.swift in Sources */ = {isa = PBXBuildFile; fileRef = D05FB1E12880A23000426924 /* Vehicle.swift */; };
		D05FB1E62880A23000426924 /* Vehicle.swift in Sources */ = {isa = PBXBuildFile; fileRef = D05FB1E12880A23000426924 /* Vehicle.swift */; };
		D05FB1E72880A23000426924 /* Mechanic.swift in Sources */ = {isa = PBXBuildFile; fileRef = D05FB1E22880A23000426924 /* Mechanic.swift */; };
		D05FB1E82880A23000426924 /* Mechanic.swift in Sources */ = {isa = PBXBuildFile; fileRef = D05FB1E22880A23000426924 /* Mechanic.swift */; };
		D05FB1EA2880A24800426924 /* Issue.swift in Sources */ = {isa = PBXBuildFile; fileRef = D05FB1E92880A24800426924 /* Issue.swift */; };
		D05FB1EB2880A24800426924 /* Issue.swift in Sources */ = {isa = PBXBuildFile; fileRef = D05FB1E92880A24800426924 /* Issue.swift */; };
/* End PBXBuildFile section */

/* Begin PBXContainerItemProxy section */
		D05FB1B92880A21000426924 /* PBXContainerItemProxy */ = {
			isa = PBXContainerItemProxy;
			containerPortal = D05FB19F2880A21000426924 /* Project object */;
			proxyType = 1;
			remoteGlobalIDString = D05FB1AA2880A21000426924;
			remoteInfo = "Auto (iOS)";
		};
		D05FB1C52880A21000426924 /* PBXContainerItemProxy */ = {
			isa = PBXContainerItemProxy;
			containerPortal = D05FB19F2880A21000426924 /* Project object */;
			proxyType = 1;
			remoteGlobalIDString = D05FB1B02880A21000426924;
			remoteInfo = "Auto (macOS)";
		};
/* End PBXContainerItemProxy section */

/* Begin PBXFileReference section */
		D05FB1A42880A21000426924 /* AutoApp.swift */ = {isa = PBXFileReference; lastKnownFileType = sourcecode.swift; path = AutoApp.swift; sourceTree = "<group>"; };
		D05FB1A52880A21000426924 /* ContentView.swift */ = {isa = PBXFileReference; lastKnownFileType = sourcecode.swift; path = ContentView.swift; sourceTree = "<group>"; };
		D05FB1A62880A21000426924 /* Assets.xcassets */ = {isa = PBXFileReference; lastKnownFileType = folder.assetcatalog; path = Assets.xcassets; sourceTree = "<group>"; };
		D05FB1AB2880A21000426924 /* Auto.app */ = {isa = PBXFileReference; explicitFileType = wrapper.application; includeInIndex = 0; path = Auto.app; sourceTree = BUILT_PRODUCTS_DIR; };
		D05FB1B12880A21000426924 /* Auto.app */ = {isa = PBXFileReference; explicitFileType = wrapper.application; includeInIndex = 0; path = Auto.app; sourceTree = BUILT_PRODUCTS_DIR; };
		D05FB1B32880A21000426924 /* macOS.entitlements */ = {isa = PBXFileReference; lastKnownFileType = text.plist.entitlements; path = macOS.entitlements; sourceTree = "<group>"; };
		D05FB1B82880A21000426924 /* Tests iOS.xctest */ = {isa = PBXFileReference; explicitFileType = wrapper.cfbundle; includeInIndex = 0; path = "Tests iOS.xctest"; sourceTree = BUILT_PRODUCTS_DIR; };
		D05FB1BC2880A21000426924 /* Tests_iOS.swift */ = {isa = PBXFileReference; lastKnownFileType = sourcecode.swift; path = Tests_iOS.swift; sourceTree = "<group>"; };
		D05FB1BE2880A21000426924 /* Tests_iOSLaunchTests.swift */ = {isa = PBXFileReference; lastKnownFileType = sourcecode.swift; path = Tests_iOSLaunchTests.swift; sourceTree = "<group>"; };
		D05FB1C42880A21000426924 /* Tests macOS.xctest */ = {isa = PBXFileReference; explicitFileType = wrapper.cfbundle; includeInIndex = 0; path = "Tests macOS.xctest"; sourceTree = BUILT_PRODUCTS_DIR; };
		D05FB1C82880A21000426924 /* Tests_macOS.swift */ = {isa = PBXFileReference; lastKnownFileType = sourcecode.swift; path = Tests_macOS.swift; sourceTree = "<group>"; };
		D05FB1CA2880A21000426924 /* Tests_macOSLaunchTests.swift */ = {isa = PBXFileReference; lastKnownFileType = sourcecode.swift; path = Tests_macOSLaunchTests.swift; sourceTree = "<group>"; };
		D05FB1E02880A23000426924 /* Shop.swift */ = {isa = PBXFileReference; fileEncoding = 4; lastKnownFileType = sourcecode.swift; path = Shop.swift; sourceTree = SOURCE_ROOT; };
		D05FB1E12880A23000426924 /* Vehicle.swift */ = {isa = PBXFileReference; fileEncoding = 4; lastKnownFileType = sourcecode.swift; path = Vehicle.swift; sourceTree = SOURCE_ROOT; };
		D05FB1E22880A23000426924 /* Mechanic.swift */ = {isa = PBXFileReference; fileEncoding = 4; lastKnownFileType = sourcecode.swift; path = Mechanic.swift; sourceTree = SOURCE_ROOT; };
		D05FB1E92880A24800426924 /* Issue.swift */ = {isa = PBXFileReference; lastKnownFileType = sourcecode.swift; path = Issue.swift; sourceTree = "<group>"; };
/* End PBXFileReference section */

/* Begin PBXFrameworksBuildPhase section */
		D05FB1A82880A21000426924 /* Frameworks */ = {
			isa = PBXFrameworksBuildPhase;
			buildActionMask = 2147483647;
			files = (
			);
			runOnlyForDeploymentPostprocessing = 0;
		};
		D05FB1AE2880A21000426924 /* Frameworks */ = {
			isa = PBXFrameworksBuildPhase;
			buildActionMask = 2147483647;
			files = (
			);
			runOnlyForDeploymentPostprocessing = 0;
		};
		D05FB1B52880A21000426924 /* Frameworks */ = {
			isa = PBXFrameworksBuildPhase;
			buildActionMask = 2147483647;
			files = (
			);
			runOnlyForDeploymentPostprocessing = 0;
		};
		D05FB1C12880A21000426924 /* Frameworks */ = {
			isa = PBXFrameworksBuildPhase;
			buildActionMask = 2147483647;
			files = (
			);
			runOnlyForDeploymentPostprocessing = 0;
		};
/* End PBXFrameworksBuildPhase section */

/* Begin PBXGroup section */
		D05FB19E2880A21000426924 = {
			isa = PBXGroup;
			children = (
				D05FB1A32880A21000426924 /* Shared */,
				D05FB1B22880A21000426924 /* macOS */,
				D05FB1BB2880A21000426924 /* Tests iOS */,
				D05FB1C72880A21000426924 /* Tests macOS */,
				D05FB1AC2880A21000426924 /* Products */,
			);
			sourceTree = "<group>";
		};
		D05FB1A32880A21000426924 /* Shared */ = {
			isa = PBXGroup;
			children = (
				D05FB1A42880A21000426924 /* AutoApp.swift */,
				D05FB1A52880A21000426924 /* ContentView.swift */,
				D05FB1E22880A23000426924 /* Mechanic.swift */,
				D05FB1E02880A23000426924 /* Shop.swift */,
				D05FB1E12880A23000426924 /* Vehicle.swift */,
				D05FB1E92880A24800426924 /* Issue.swift */,
				D05FB1A62880A21000426924 /* Assets.xcassets */,
			);
			path = Shared;
			sourceTree = "<group>";
		};
		D05FB1AC2880A21000426924 /* Products */ = {
			isa = PBXGroup;
			children = (
				D05FB1AB2880A21000426924 /* Auto.app */,
				D05FB1B12880A21000426924 /* Auto.app */,
				D05FB1B82880A21000426924 /* Tests iOS.xctest */,
				D05FB1C42880A21000426924 /* Tests macOS.xctest */,
			);
			name = Products;
			sourceTree = "<group>";
		};
		D05FB1B22880A21000426924 /* macOS */ = {
			isa = PBXGroup;
			children = (
				D05FB1B32880A21000426924 /* macOS.entitlements */,
			);
			path = macOS;
			sourceTree = "<group>";
		};
		D05FB1BB2880A21000426924 /* Tests iOS */ = {
			isa = PBXGroup;
			children = (
				D05FB1BC2880A21000426924 /* Tests_iOS.swift */,
				D05FB1BE2880A21000426924 /* Tests_iOSLaunchTests.swift */,
			);
			path = "Tests iOS";
			sourceTree = "<group>";
		};
		D05FB1C72880A21000426924 /* Tests macOS */ = {
			isa = PBXGroup;
			children = (
				D05FB1C82880A21000426924 /* Tests_macOS.swift */,
				D05FB1CA2880A21000426924 /* Tests_macOSLaunchTests.swift */,
			);
			path = "Tests macOS";
			sourceTree = "<group>";
		};
/* End PBXGroup section */

/* Begin PBXNativeTarget section */
		D05FB1AA2880A21000426924 /* Auto (iOS) */ = {
			isa = PBXNativeTarget;
			buildConfigurationList = D05FB1D42880A21000426924 /* Build configuration list for PBXNativeTarget "Auto (iOS)" */;
			buildPhases = (
				D05FB1A72880A21000426924 /* Sources */,
				D05FB1A82880A21000426924 /* Frameworks */,
				D05FB1A92880A21000426924 /* Resources */,
			);
			buildRules = (
			);
			dependencies = (
			);
			name = "Auto (iOS)";
			productName = "Auto (iOS)";
			productReference = D05FB1AB2880A21000426924 /* Auto.app */;
			productType = "com.apple.product-type.application";
		};
		D05FB1B02880A21000426924 /* Auto (macOS) */ = {
			isa = PBXNativeTarget;
			buildConfigurationList = D05FB1D72880A21000426924 /* Build configuration list for PBXNativeTarget "Auto (macOS)" */;
			buildPhases = (
				D05FB1AD2880A21000426924 /* Sources */,
				D05FB1AE2880A21000426924 /* Frameworks */,
				D05FB1AF2880A21000426924 /* Resources */,
			);
			buildRules = (
			);
			dependencies = (
			);
			name = "Auto (macOS)";
			productName = "Auto (macOS)";
			productReference = D05FB1B12880A21000426924 /* Auto.app */;
			productType = "com.apple.product-type.application";
		};
		D05FB1B72880A21000426924 /* Tests iOS */ = {
			isa = PBXNativeTarget;
			buildConfigurationList = D05FB1DA2880A21000426924 /* Build configuration list for PBXNativeTarget "Tests iOS" */;
			buildPhases = (
				D05FB1B42880A21000426924 /* Sources */,
				D05FB1B52880A21000426924 /* Frameworks */,
				D05FB1B62880A21000426924 /* Resources */,
			);
			buildRules = (
			);
			dependencies = (
				D05FB1BA2880A21000426924 /* PBXTargetDependency */,
			);
			name = "Tests iOS";
			productName = "Tests iOS";
			productReference = D05FB1B82880A21000426924 /* Tests iOS.xctest */;
			productType = "com.apple.product-type.bundle.ui-testing";
		};
		D05FB1C32880A21000426924 /* Tests macOS */ = {
			isa = PBXNativeTarget;
			buildConfigurationList = D05FB1DD2880A21000426924 /* Build configuration list for PBXNativeTarget "Tests macOS" */;
			buildPhases = (
				D05FB1C02880A21000426924 /* Sources */,
				D05FB1C12880A21000426924 /* Frameworks */,
				D05FB1C22880A21000426924 /* Resources */,
			);
			buildRules = (
			);
			dependencies = (
				D05FB1C62880A21000426924 /* PBXTargetDependency */,
			);
			name = "Tests macOS";
			productName = "Tests macOS";
			productReference = D05FB1C42880A21000426924 /* Tests macOS.xctest */;
			productType = "com.apple.product-type.bundle.ui-testing";
		};
/* End PBXNativeTarget section */

/* Begin PBXProject section */
		D05FB19F2880A21000426924 /* Project object */ = {
			isa = PBXProject;
			attributes = {
				BuildIndependentTargetsInParallel = 1;
				LastSwiftUpdateCheck = 1340;
				LastUpgradeCheck = 1340;
				TargetAttributes = {
					D05FB1AA2880A21000426924 = {
						CreatedOnToolsVersion = 13.4.1;
					};
					D05FB1B02880A21000426924 = {
						CreatedOnToolsVersion = 13.4.1;
					};
					D05FB1B72880A21000426924 = {
						CreatedOnToolsVersion = 13.4.1;
						TestTargetID = D05FB1AA2880A21000426924;
					};
					D05FB1C32880A21000426924 = {
						CreatedOnToolsVersion = 13.4.1;
						TestTargetID = D05FB1B02880A21000426924;
					};
				};
			};
			buildConfigurationList = D05FB1A22880A21000426924 /* Build configuration list for PBXProject "Auto" */;
			compatibilityVersion = "Xcode 13.0";
			developmentRegion = en;
			hasScannedForEncodings = 0;
			knownRegions = (
				en,
				Base,
			);
			mainGroup = D05FB19E2880A21000426924;
			productRefGroup = D05FB1AC2880A21000426924 /* Products */;
			projectDirPath = "";
			projectRoot = "";
			targets = (
				D05FB1AA2880A21000426924 /* Auto (iOS) */,
				D05FB1B02880A21000426924 /* Auto (macOS) */,
				D05FB1B72880A21000426924 /* Tests iOS */,
				D05FB1C32880A21000426924 /* Tests macOS */,
			);
		};
/* End PBXProject section */

/* Begin PBXResourcesBuildPhase section */
		D05FB1A92880A21000426924 /* Resources */ = {
			isa = PBXResourcesBuildPhase;
			buildActionMask = 2147483647;
			files = (
				D05FB1D02880A21000426924 /* Assets.xcassets in Resources */,
			);
			runOnlyForDeploymentPostprocessing = 0;
		};
		D05FB1AF2880A21000426924 /* Resources */ = {
			isa = PBXResourcesBuildPhase;
			buildActionMask = 2147483647;
			files = (
				D05FB1D12880A21000426924 /* Assets.xcassets in Resources */,
			);
			runOnlyForDeploymentPostprocessing = 0;
		};
		D05FB1B62880A21000426924 /* Resources */ = {
			isa = PBXResourcesBuildPhase;
			buildActionMask = 2147483647;
			files = (
			);
			runOnlyForDeploymentPostprocessing = 0;
		};
		D05FB1C22880A21000426924 /* Resources */ = {
			isa = PBXResourcesBuildPhase;
			buildActionMask = 2147483647;
			files = (
			);
			runOnlyForDeploymentPostprocessing = 0;
		};
/* End PBXResourcesBuildPhase section */

/* Begin PBXSourcesBuildPhase section */
		D05FB1A72880A21000426924 /* Sources */ = {
			isa = PBXSourcesBuildPhase;
			buildActionMask = 2147483647;
			files = (
				D05FB1E52880A23000426924 /* Vehicle.swift in Sources */,
				D05FB1E32880A23000426924 /* Shop.swift in Sources */,
				D05FB1E72880A23000426924 /* Mechanic.swift in Sources */,
				D05FB1CE2880A21000426924 /* ContentView.swift in Sources */,
				D05FB1CC2880A21000426924 /* AutoApp.swift in Sources */,
				D05FB1EA2880A24800426924 /* Issue.swift in Sources */,
			);
			runOnlyForDeploymentPostprocessing = 0;
		};
		D05FB1AD2880A21000426924 /* Sources */ = {
			isa = PBXSourcesBuildPhase;
			buildActionMask = 2147483647;
			files = (
				D05FB1E62880A23000426924 /* Vehicle.swift in Sources */,
				D05FB1E42880A23000426924 /* Shop.swift in Sources */,
				D05FB1E82880A23000426924 /* Mechanic.swift in Sources */,
				D05FB1CF2880A21000426924 /* ContentView.swift in Sources */,
				D05FB1CD2880A21000426924 /* AutoApp.swift in Sources */,
				D05FB1EB2880A24800426924 /* Issue.swift in Sources */,
			);
			runOnlyForDeploymentPostprocessing = 0;
		};
		D05FB1B42880A21000426924 /* Sources */ = {
			isa = PBXSourcesBuildPhase;
			buildActionMask = 2147483647;
			files = (
				D05FB1BF2880A21000426924 /* Tests_iOSLaunchTests.swift in Sources */,
				D05FB1BD2880A21000426924 /* Tests_iOS.swift in Sources */,
			);
			runOnlyForDeploymentPostprocessing = 0;
		};
		D05FB1C02880A21000426924 /* Sources */ = {
			isa = PBXSourcesBuildPhase;
			buildActionMask = 2147483647;
			files = (
				D05FB1CB2880A21000426924 /* Tests_macOSLaunchTests.swift in Sources */,
				D05FB1C92880A21000426924 /* Tests_macOS.swift in Sources */,
			);
			runOnlyForDeploymentPostprocessing = 0;
		};
/* End PBXSourcesBuildPhase section */

/* Begin PBXTargetDependency section */
		D05FB1BA2880A21000426924 /* PBXTargetDependency */ = {
			isa = PBXTargetDependency;
			target = D05FB1AA2880A21000426924 /* Auto (iOS) */;
			targetProxy = D05FB1B92880A21000426924 /* PBXContainerItemProxy */;
		};
		D05FB1C62880A21000426924 /* PBXTargetDependency */ = {
			isa = PBXTargetDependency;
			target = D05FB1B02880A21000426924 /* Auto (macOS) */;
			targetProxy = D05FB1C52880A21000426924 /* PBXContainerItemProxy */;
		};
/* End PBXTargetDependency section */

/* Begin XCBuildConfiguration section */
		D05FB1D22880A21000426924 /* Debug */ = {
			isa = XCBuildConfiguration;
			buildSettings = {
				ALWAYS_SEARCH_USER_PATHS = NO;
				CLANG_ANALYZER_NONNULL = YES;
				CLANG_ANALYZER_NUMBER_OBJECT_CONVERSION = YES_AGGRESSIVE;
				CLANG_CXX_LANGUAGE_STANDARD = "gnu++17";
				CLANG_ENABLE_MODULES = YES;
				CLANG_ENABLE_OBJC_ARC = YES;
				CLANG_ENABLE_OBJC_WEAK = YES;
				CLANG_WARN_BLOCK_CAPTURE_AUTORELEASING = YES;
				CLANG_WARN_BOOL_CONVERSION = YES;
				CLANG_WARN_COMMA = YES;
				CLANG_WARN_CONSTANT_CONVERSION = YES;
				CLANG_WARN_DEPRECATED_OBJC_IMPLEMENTATIONS = YES;
				CLANG_WARN_DIRECT_OBJC_ISA_USAGE = YES_ERROR;
				CLANG_WARN_DOCUMENTATION_COMMENTS = YES;
				CLANG_WARN_EMPTY_BODY = YES;
				CLANG_WARN_ENUM_CONVERSION = YES;
				CLANG_WARN_INFINITE_RECURSION = YES;
				CLANG_WARN_INT_CONVERSION = YES;
				CLANG_WARN_NON_LITERAL_NULL_CONVERSION = YES;
				CLANG_WARN_OBJC_IMPLICIT_RETAIN_SELF = YES;
				CLANG_WARN_OBJC_LITERAL_CONVERSION = YES;
				CLANG_WARN_OBJC_ROOT_CLASS = YES_ERROR;
				CLANG_WARN_QUOTED_INCLUDE_IN_FRAMEWORK_HEADER = YES;
				CLANG_WARN_RANGE_LOOP_ANALYSIS = YES;
				CLANG_WARN_STRICT_PROTOTYPES = YES;
				CLANG_WARN_SUSPICIOUS_MOVE = YES;
				CLANG_WARN_UNGUARDED_AVAILABILITY = YES_AGGRESSIVE;
				CLANG_WARN_UNREACHABLE_CODE = YES;
				CLANG_WARN__DUPLICATE_METHOD_MATCH = YES;
				COPY_PHASE_STRIP = NO;
				DEBUG_INFORMATION_FORMAT = dwarf;
				ENABLE_STRICT_OBJC_MSGSEND = YES;
				ENABLE_TESTABILITY = YES;
				GCC_C_LANGUAGE_STANDARD = gnu11;
				GCC_DYNAMIC_NO_PIC = NO;
				GCC_NO_COMMON_BLOCKS = YES;
				GCC_OPTIMIZATION_LEVEL = 0;
				GCC_PREPROCESSOR_DEFINITIONS = (
					"DEBUG=1",
					"$(inherited)",
				);
				GCC_WARN_64_TO_32_BIT_CONVERSION = YES;
				GCC_WARN_ABOUT_RETURN_TYPE = YES_ERROR;
				GCC_WARN_UNDECLARED_SELECTOR = YES;
				GCC_WARN_UNINITIALIZED_AUTOS = YES_AGGRESSIVE;
				GCC_WARN_UNUSED_FUNCTION = YES;
				GCC_WARN_UNUSED_VARIABLE = YES;
				MTL_ENABLE_DEBUG_INFO = INCLUDE_SOURCE;
				MTL_FAST_MATH = YES;
				ONLY_ACTIVE_ARCH = YES;
				SWIFT_ACTIVE_COMPILATION_CONDITIONS = DEBUG;
				SWIFT_OPTIMIZATION_LEVEL = "-Onone";
			};
			name = Debug;
		};
		D05FB1D32880A21000426924 /* Release */ = {
			isa = XCBuildConfiguration;
			buildSettings = {
				ALWAYS_SEARCH_USER_PATHS = NO;
				CLANG_ANALYZER_NONNULL = YES;
				CLANG_ANALYZER_NUMBER_OBJECT_CONVERSION = YES_AGGRESSIVE;
				CLANG_CXX_LANGUAGE_STANDARD = "gnu++17";
				CLANG_ENABLE_MODULES = YES;
				CLANG_ENABLE_OBJC_ARC = YES;
				CLANG_ENABLE_OBJC_WEAK = YES;
				CLANG_WARN_BLOCK_CAPTURE_AUTORELEASING = YES;
				CLANG_WARN_BOOL_CONVERSION = YES;
				CLANG_WARN_COMMA = YES;
				CLANG_WARN_CONSTANT_CONVERSION = YES;
				CLANG_WARN_DEPRECATED_OBJC_IMPLEMENTATIONS = YES;
				CLANG_WARN_DIRECT_OBJC_ISA_USAGE = YES_ERROR;
				CLANG_WARN_DOCUMENTATION_COMMENTS = YES;
				CLANG_WARN_EMPTY_BODY = YES;
				CLANG_WARN_ENUM_CONVERSION = YES;
				CLANG_WARN_INFINITE_RECURSION = YES;
				CLANG_WARN_INT_CONVERSION = YES;
				CLANG_WARN_NON_LITERAL_NULL_CONVERSION = YES;
				CLANG_WARN_OBJC_IMPLICIT_RETAIN_SELF = YES;
				CLANG_WARN_OBJC_LITERAL_CONVERSION = YES;
				CLANG_WARN_OBJC_ROOT_CLASS = YES_ERROR;
				CLANG_WARN_QUOTED_INCLUDE_IN_FRAMEWORK_HEADER = YES;
				CLANG_WARN_RANGE_LOOP_ANALYSIS = YES;
				CLANG_WARN_STRICT_PROTOTYPES = YES;
				CLANG_WARN_SUSPICIOUS_MOVE = YES;
				CLANG_WARN_UNGUARDED_AVAILABILITY = YES_AGGRESSIVE;
				CLANG_WARN_UNREACHABLE_CODE = YES;
				CLANG_WARN__DUPLICATE_METHOD_MATCH = YES;
				COPY_PHASE_STRIP = NO;
				DEBUG_INFORMATION_FORMAT = "dwarf-with-dsym";
				ENABLE_NS_ASSERTIONS = NO;
				ENABLE_STRICT_OBJC_MSGSEND = YES;
				GCC_C_LANGUAGE_STANDARD = gnu11;
				GCC_NO_COMMON_BLOCKS = YES;
				GCC_WARN_64_TO_32_BIT_CONVERSION = YES;
				GCC_WARN_ABOUT_RETURN_TYPE = YES_ERROR;
				GCC_WARN_UNDECLARED_SELECTOR = YES;
				GCC_WARN_UNINITIALIZED_AUTOS = YES_AGGRESSIVE;
				GCC_WARN_UNUSED_FUNCTION = YES;
				GCC_WARN_UNUSED_VARIABLE = YES;
				MTL_ENABLE_DEBUG_INFO = NO;
				MTL_FAST_MATH = YES;
				SWIFT_COMPILATION_MODE = wholemodule;
				SWIFT_OPTIMIZATION_LEVEL = "-O";
			};
			name = Release;
		};
		D05FB1D52880A21000426924 /* Debug */ = {
			isa = XCBuildConfiguration;
			buildSettings = {
				ASSETCATALOG_COMPILER_APPICON_NAME = AppIcon;
				ASSETCATALOG_COMPILER_GLOBAL_ACCENT_COLOR_NAME = AccentColor;
				CODE_SIGN_STYLE = Automatic;
				CURRENT_PROJECT_VERSION = 1;
				ENABLE_PREVIEWS = YES;
				GENERATE_INFOPLIST_FILE = YES;
				INFOPLIST_KEY_UIApplicationSceneManifest_Generation = YES;
				INFOPLIST_KEY_UIApplicationSupportsIndirectInputEvents = YES;
				INFOPLIST_KEY_UILaunchScreen_Generation = YES;
				INFOPLIST_KEY_UISupportedInterfaceOrientations_iPad = "UIInterfaceOrientationPortrait UIInterfaceOrientationPortraitUpsideDown UIInterfaceOrientationLandscapeLeft UIInterfaceOrientationLandscapeRight";
				INFOPLIST_KEY_UISupportedInterfaceOrientations_iPhone = "UIInterfaceOrientationPortrait UIInterfaceOrientationLandscapeLeft UIInterfaceOrientationLandscapeRight";
				IPHONEOS_DEPLOYMENT_TARGET = 15.5;
				LD_RUNPATH_SEARCH_PATHS = (
					"$(inherited)",
					"@executable_path/Frameworks",
				);
				MARKETING_VERSION = 1.0;
				PRODUCT_BUNDLE_IDENTIFIER = KDM.Auto;
				PRODUCT_NAME = Auto;
				SDKROOT = iphoneos;
				SWIFT_EMIT_LOC_STRINGS = YES;
				SWIFT_VERSION = 5.0;
				TARGETED_DEVICE_FAMILY = "1,2";
			};
			name = Debug;
		};
		D05FB1D62880A21000426924 /* Release */ = {
			isa = XCBuildConfiguration;
			buildSettings = {
				ASSETCATALOG_COMPILER_APPICON_NAME = AppIcon;
				ASSETCATALOG_COMPILER_GLOBAL_ACCENT_COLOR_NAME = AccentColor;
				CODE_SIGN_STYLE = Automatic;
				CURRENT_PROJECT_VERSION = 1;
				ENABLE_PREVIEWS = YES;
				GENERATE_INFOPLIST_FILE = YES;
				INFOPLIST_KEY_UIApplicationSceneManifest_Generation = YES;
				INFOPLIST_KEY_UIApplicationSupportsIndirectInputEvents = YES;
				INFOPLIST_KEY_UILaunchScreen_Generation = YES;
				INFOPLIST_KEY_UISupportedInterfaceOrientations_iPad = "UIInterfaceOrientationPortrait UIInterfaceOrientationPortraitUpsideDown UIInterfaceOrientationLandscapeLeft UIInterfaceOrientationLandscapeRight";
				INFOPLIST_KEY_UISupportedInterfaceOrientations_iPhone = "UIInterfaceOrientationPortrait UIInterfaceOrientationLandscapeLeft UIInterfaceOrientationLandscapeRight";
				IPHONEOS_DEPLOYMENT_TARGET = 15.5;
				LD_RUNPATH_SEARCH_PATHS = (
					"$(inherited)",
					"@executable_path/Frameworks",
				);
				MARKETING_VERSION = 1.0;
				PRODUCT_BUNDLE_IDENTIFIER = KDM.Auto;
				PRODUCT_NAME = Auto;
				SDKROOT = iphoneos;
				SWIFT_EMIT_LOC_STRINGS = YES;
				SWIFT_VERSION = 5.0;
				TARGETED_DEVICE_FAMILY = "1,2";
				VALIDATE_PRODUCT = YES;
			};
			name = Release;
		};
		D05FB1D82880A21000426924 /* Debug */ = {
			isa = XCBuildConfiguration;
			buildSettings = {
				ASSETCATALOG_COMPILER_APPICON_NAME = AppIcon;
				ASSETCATALOG_COMPILER_GLOBAL_ACCENT_COLOR_NAME = AccentColor;
				CODE_SIGN_ENTITLEMENTS = macOS/macOS.entitlements;
				CODE_SIGN_STYLE = Automatic;
				COMBINE_HIDPI_IMAGES = YES;
				CURRENT_PROJECT_VERSION = 1;
				ENABLE_PREVIEWS = YES;
				GENERATE_INFOPLIST_FILE = YES;
				INFOPLIST_KEY_NSHumanReadableCopyright = "";
				LD_RUNPATH_SEARCH_PATHS = (
					"$(inherited)",
					"@executable_path/../Frameworks",
				);
				MACOSX_DEPLOYMENT_TARGET = 12.3;
				MARKETING_VERSION = 1.0;
				PRODUCT_BUNDLE_IDENTIFIER = KDM.Auto;
				PRODUCT_NAME = Auto;
				SDKROOT = macosx;
				SWIFT_EMIT_LOC_STRINGS = YES;
				SWIFT_VERSION = 5.0;
			};
			name = Debug;
		};
		D05FB1D92880A21000426924 /* Release */ = {
			isa = XCBuildConfiguration;
			buildSettings = {
				ASSETCATALOG_COMPILER_APPICON_NAME = AppIcon;
				ASSETCATALOG_COMPILER_GLOBAL_ACCENT_COLOR_NAME = AccentColor;
				CODE_SIGN_ENTITLEMENTS = macOS/macOS.entitlements;
				CODE_SIGN_STYLE = Automatic;
				COMBINE_HIDPI_IMAGES = YES;
				CURRENT_PROJECT_VERSION = 1;
				ENABLE_PREVIEWS = YES;
				GENERATE_INFOPLIST_FILE = YES;
				INFOPLIST_KEY_NSHumanReadableCopyright = "";
				LD_RUNPATH_SEARCH_PATHS = (
					"$(inherited)",
					"@executable_path/../Frameworks",
				);
				MACOSX_DEPLOYMENT_TARGET = 12.3;
				MARKETING_VERSION = 1.0;
				PRODUCT_BUNDLE_IDENTIFIER = KDM.Auto;
				PRODUCT_NAME = Auto;
				SDKROOT = macosx;
				SWIFT_EMIT_LOC_STRINGS = YES;
				SWIFT_VERSION = 5.0;
			};
			name = Release;
		};
		D05FB1DB2880A21000426924 /* Debug */ = {
			isa = XCBuildConfiguration;
			buildSettings = {
				ALWAYS_EMBED_SWIFT_STANDARD_LIBRARIES = YES;
				CODE_SIGN_STYLE = Automatic;
				CURRENT_PROJECT_VERSION = 1;
				GENERATE_INFOPLIST_FILE = YES;
				IPHONEOS_DEPLOYMENT_TARGET = 15.5;
				MARKETING_VERSION = 1.0;
				PRODUCT_BUNDLE_IDENTIFIER = "KDM.Tests-iOS";
				PRODUCT_NAME = "$(TARGET_NAME)";
				SDKROOT = iphoneos;
				SWIFT_EMIT_LOC_STRINGS = NO;
				SWIFT_VERSION = 5.0;
				TARGETED_DEVICE_FAMILY = "1,2";
				TEST_TARGET_NAME = "Auto (iOS)";
			};
			name = Debug;
		};
		D05FB1DC2880A21000426924 /* Release */ = {
			isa = XCBuildConfiguration;
			buildSettings = {
				ALWAYS_EMBED_SWIFT_STANDARD_LIBRARIES = YES;
				CODE_SIGN_STYLE = Automatic;
				CURRENT_PROJECT_VERSION = 1;
				GENERATE_INFOPLIST_FILE = YES;
				IPHONEOS_DEPLOYMENT_TARGET = 15.5;
				MARKETING_VERSION = 1.0;
				PRODUCT_BUNDLE_IDENTIFIER = "KDM.Tests-iOS";
				PRODUCT_NAME = "$(TARGET_NAME)";
				SDKROOT = iphoneos;
				SWIFT_EMIT_LOC_STRINGS = NO;
				SWIFT_VERSION = 5.0;
				TARGETED_DEVICE_FAMILY = "1,2";
				TEST_TARGET_NAME = "Auto (iOS)";
				VALIDATE_PRODUCT = YES;
			};
			name = Release;
		};
		D05FB1DE2880A21000426924 /* Debug */ = {
			isa = XCBuildConfiguration;
			buildSettings = {
				ALWAYS_EMBED_SWIFT_STANDARD_LIBRARIES = YES;
				CODE_SIGN_STYLE = Automatic;
				CURRENT_PROJECT_VERSION = 1;
				GENERATE_INFOPLIST_FILE = YES;
				MACOSX_DEPLOYMENT_TARGET = 12.3;
				MARKETING_VERSION = 1.0;
				PRODUCT_BUNDLE_IDENTIFIER = "KDM.Tests-macOS";
				PRODUCT_NAME = "$(TARGET_NAME)";
				SDKROOT = macosx;
				SWIFT_EMIT_LOC_STRINGS = NO;
				SWIFT_VERSION = 5.0;
				TEST_TARGET_NAME = "Auto (macOS)";
			};
			name = Debug;
		};
		D05FB1DF2880A21000426924 /* Release */ = {
			isa = XCBuildConfiguration;
			buildSettings = {
				ALWAYS_EMBED_SWIFT_STANDARD_LIBRARIES = YES;
				CODE_SIGN_STYLE = Automatic;
				CURRENT_PROJECT_VERSION = 1;
				GENERATE_INFOPLIST_FILE = YES;
				MACOSX_DEPLOYMENT_TARGET = 12.3;
				MARKETING_VERSION = 1.0;
				PRODUCT_BUNDLE_IDENTIFIER = "KDM.Tests-macOS";
				PRODUCT_NAME = "$(TARGET_NAME)";
				SDKROOT = macosx;
				SWIFT_EMIT_LOC_STRINGS = NO;
				SWIFT_VERSION = 5.0;
				TEST_TARGET_NAME = "Auto (macOS)";
			};
			name = Release;
		};
/* End XCBuildConfiguration section */

/* Begin XCConfigurationList section */
		D05FB1A22880A21000426924 /* Build configuration list for PBXProject "Auto" */ = {
			isa = XCConfigurationList;
			buildConfigurations = (
				D05FB1D22880A21000426924 /* Debug */,
				D05FB1D32880A21000426924 /* Release */,
			);
			defaultConfigurationIsVisible = 0;
			defaultConfigurationName = Release;
		};
		D05FB1D42880A21000426924 /* Build configuration list for PBXNativeTarget "Auto (iOS)" */ = {
			isa = XCConfigurationList;
			buildConfigurations = (
				D05FB1D52880A21000426924 /* Debug */,
				D05FB1D62880A21000426924 /* Release */,
			);
			defaultConfigurationIsVisible = 0;
			defaultConfigurationName = Release;
		};
		D05FB1D72880A21000426924 /* Build configuration list for PBXNativeTarget "Auto (macOS)" */ = {
			isa = XCConfigurationList;
			buildConfigurations = (
				D05FB1D82880A21000426924 /* Debug */,
				D05FB1D92880A21000426924 /* Release */,
			);
			defaultConfigurationIsVisible = 0;
			defaultConfigurationName = Release;
		};
		D05FB1DA2880A21000426924 /* Build configuration list for PBXNativeTarget "Tests iOS" */ = {
			isa = XCConfigurationList;
			buildConfigurations = (
				D05FB1DB2880A21000426924 /* Debug */,
				D05FB1DC2880A21000426924 /* Release */,
			);
			defaultConfigurationIsVisible = 0;
			defaultConfigurationName = Release;
		};
		D05FB1DD2880A21000426924 /* Build configuration list for PBXNativeTarget "Tests macOS" */ = {
			isa = XCConfigurationList;
			buildConfigurations = (
				D05FB1DE2880A21000426924 /* Debug */,
				D05FB1DF2880A21000426924 /* Release */,
			);
			defaultConfigurationIsVisible = 0;
			defaultConfigurationName = Release;
		};
/* End XCConfigurationList section */
	};
	rootObject = D05FB19F2880A21000426924 /* Project object */;
}
