// !$*UTF8*$!
{
	archiveVersion = 1;
	classes = {
	};
	objectVersion = 55;
	objects = {

/* Begin PBXBuildFile section */
		D091CBF62881B2C3001C65CD /* SUIApp.swift in Sources */ = {isa = PBXBuildFile; fileRef = D091CBF52881B2C3001C65CD /* SUIApp.swift */; };
		D091CBFA2881B2C4001C65CD /* Assets.xcassets in Resources */ = {isa = PBXBuildFile; fileRef = D091CBF92881B2C4001C65CD /* Assets.xcassets */; };
		D091CBFD2881B2C4001C65CD /* Preview Assets.xcassets in Resources */ = {isa = PBXBuildFile; fileRef = D091CBFC2881B2C4001C65CD /* Preview Assets.xcassets */; };
		D091CC072881B2C4001C65CD /* SUITests.swift in Sources */ = {isa = PBXBuildFile; fileRef = D091CC062881B2C4001C65CD /* SUITests.swift */; };
		D091CC112881B2C4001C65CD /* SUIUITests.swift in Sources */ = {isa = PBXBuildFile; fileRef = D091CC102881B2C4001C65CD /* SUIUITests.swift */; };
		D091CC132881B2C4001C65CD /* SUIUITestsLaunchTests.swift in Sources */ = {isa = PBXBuildFile; fileRef = D091CC122881B2C4001C65CD /* SUIUITestsLaunchTests.swift */; };
		D091CC232881B2F5001C65CD /* Slide3.swift in Sources */ = {isa = PBXBuildFile; fileRef = D091CC1F2881B2F5001C65CD /* Slide3.swift */; };
		D091CC242881B2F5001C65CD /* Slide4.swift in Sources */ = {isa = PBXBuildFile; fileRef = D091CC202881B2F5001C65CD /* Slide4.swift */; };
		D091CC252881B2F5001C65CD /* Slide1.swift in Sources */ = {isa = PBXBuildFile; fileRef = D091CC212881B2F5001C65CD /* Slide1.swift */; };
		D091CC262881B2F5001C65CD /* Slide2.swift in Sources */ = {isa = PBXBuildFile; fileRef = D091CC222881B2F5001C65CD /* Slide2.swift */; };
/* End PBXBuildFile section */

/* Begin PBXContainerItemProxy section */
		D091CC032881B2C4001C65CD /* PBXContainerItemProxy */ = {
			isa = PBXContainerItemProxy;
			containerPortal = D091CBEA2881B2C3001C65CD /* Project object */;
			proxyType = 1;
			remoteGlobalIDString = D091CBF12881B2C3001C65CD;
			remoteInfo = SUI;
		};
		D091CC0D2881B2C4001C65CD /* PBXContainerItemProxy */ = {
			isa = PBXContainerItemProxy;
			containerPortal = D091CBEA2881B2C3001C65CD /* Project object */;
			proxyType = 1;
			remoteGlobalIDString = D091CBF12881B2C3001C65CD;
			remoteInfo = SUI;
		};
/* End PBXContainerItemProxy section */

/* Begin PBXFileReference section */
		D091CBF22881B2C3001C65CD /* SUI.app */ = {isa = PBXFileReference; explicitFileType = wrapper.application; includeInIndex = 0; path = SUI.app; sourceTree = BUILT_PRODUCTS_DIR; };
		D091CBF52881B2C3001C65CD /* SUIApp.swift */ = {isa = PBXFileReference; lastKnownFileType = sourcecode.swift; path = SUIApp.swift; sourceTree = "<group>"; };
		D091CBF92881B2C4001C65CD /* Assets.xcassets */ = {isa = PBXFileReference; lastKnownFileType = folder.assetcatalog; path = Assets.xcassets; sourceTree = "<group>"; };
		D091CBFC2881B2C4001C65CD /* Preview Assets.xcassets */ = {isa = PBXFileReference; lastKnownFileType = folder.assetcatalog; path = "Preview Assets.xcassets"; sourceTree = "<group>"; };
		D091CC022881B2C4001C65CD /* SUITests.xctest */ = {isa = PBXFileReference; explicitFileType = wrapper.cfbundle; includeInIndex = 0; path = SUITests.xctest; sourceTree = BUILT_PRODUCTS_DIR; };
		D091CC062881B2C4001C65CD /* SUITests.swift */ = {isa = PBXFileReference; lastKnownFileType = sourcecode.swift; path = SUITests.swift; sourceTree = "<group>"; };
		D091CC0C2881B2C4001C65CD /* SUIUITests.xctest */ = {isa = PBXFileReference; explicitFileType = wrapper.cfbundle; includeInIndex = 0; path = SUIUITests.xctest; sourceTree = BUILT_PRODUCTS_DIR; };
		D091CC102881B2C4001C65CD /* SUIUITests.swift */ = {isa = PBXFileReference; lastKnownFileType = sourcecode.swift; path = SUIUITests.swift; sourceTree = "<group>"; };
		D091CC122881B2C4001C65CD /* SUIUITestsLaunchTests.swift */ = {isa = PBXFileReference; lastKnownFileType = sourcecode.swift; path = SUIUITestsLaunchTests.swift; sourceTree = "<group>"; };
		D091CC1F2881B2F5001C65CD /* Slide3.swift */ = {isa = PBXFileReference; fileEncoding = 4; lastKnownFileType = sourcecode.swift; path = Slide3.swift; sourceTree = "<group>"; };
		D091CC202881B2F5001C65CD /* Slide4.swift */ = {isa = PBXFileReference; fileEncoding = 4; lastKnownFileType = sourcecode.swift; path = Slide4.swift; sourceTree = "<group>"; };
		D091CC212881B2F5001C65CD /* Slide1.swift */ = {isa = PBXFileReference; fileEncoding = 4; lastKnownFileType = sourcecode.swift; path = Slide1.swift; sourceTree = "<group>"; };
		D091CC222881B2F5001C65CD /* Slide2.swift */ = {isa = PBXFileReference; fileEncoding = 4; lastKnownFileType = sourcecode.swift; path = Slide2.swift; sourceTree = "<group>"; };
/* End PBXFileReference section */

/* Begin PBXFrameworksBuildPhase section */
		D091CBEF2881B2C3001C65CD /* Frameworks */ = {
			isa = PBXFrameworksBuildPhase;
			buildActionMask = 2147483647;
			files = (
			);
			runOnlyForDeploymentPostprocessing = 0;
		};
		D091CBFF2881B2C4001C65CD /* Frameworks */ = {
			isa = PBXFrameworksBuildPhase;
			buildActionMask = 2147483647;
			files = (
			);
			runOnlyForDeploymentPostprocessing = 0;
		};
		D091CC092881B2C4001C65CD /* Frameworks */ = {
			isa = PBXFrameworksBuildPhase;
			buildActionMask = 2147483647;
			files = (
			);
			runOnlyForDeploymentPostprocessing = 0;
		};
/* End PBXFrameworksBuildPhase section */

/* Begin PBXGroup section */
		D091CBE92881B2C3001C65CD = {
			isa = PBXGroup;
			children = (
				D091CBF42881B2C3001C65CD /* SUI */,
				D091CC052881B2C4001C65CD /* SUITests */,
				D091CC0F2881B2C4001C65CD /* SUIUITests */,
				D091CBF32881B2C3001C65CD /* Products */,
			);
			sourceTree = "<group>";
		};
		D091CBF32881B2C3001C65CD /* Products */ = {
			isa = PBXGroup;
			children = (
				D091CBF22881B2C3001C65CD /* SUI.app */,
				D091CC022881B2C4001C65CD /* SUITests.xctest */,
				D091CC0C2881B2C4001C65CD /* SUIUITests.xctest */,
			);
			name = Products;
			sourceTree = "<group>";
		};
		D091CBF42881B2C3001C65CD /* SUI */ = {
			isa = PBXGroup;
			children = (
				D091CBF52881B2C3001C65CD /* SUIApp.swift */,
				D091CC212881B2F5001C65CD /* Slide1.swift */,
				D091CC222881B2F5001C65CD /* Slide2.swift */,
				D091CC1F2881B2F5001C65CD /* Slide3.swift */,
				D091CC202881B2F5001C65CD /* Slide4.swift */,
				D091CBF92881B2C4001C65CD /* Assets.xcassets */,
				D091CBFB2881B2C4001C65CD /* Preview Content */,
			);
			path = SUI;
			sourceTree = "<group>";
		};
		D091CBFB2881B2C4001C65CD /* Preview Content */ = {
			isa = PBXGroup;
			children = (
				D091CBFC2881B2C4001C65CD /* Preview Assets.xcassets */,
			);
			path = "Preview Content";
			sourceTree = "<group>";
		};
		D091CC052881B2C4001C65CD /* SUITests */ = {
			isa = PBXGroup;
			children = (
				D091CC062881B2C4001C65CD /* SUITests.swift */,
			);
			path = SUITests;
			sourceTree = "<group>";
		};
		D091CC0F2881B2C4001C65CD /* SUIUITests */ = {
			isa = PBXGroup;
			children = (
				D091CC102881B2C4001C65CD /* SUIUITests.swift */,
				D091CC122881B2C4001C65CD /* SUIUITestsLaunchTests.swift */,
			);
			path = SUIUITests;
			sourceTree = "<group>";
		};
/* End PBXGroup section */

/* Begin PBXNativeTarget section */
		D091CBF12881B2C3001C65CD /* SUI */ = {
			isa = PBXNativeTarget;
			buildConfigurationList = D091CC162881B2C4001C65CD /* Build configuration list for PBXNativeTarget "SUI" */;
			buildPhases = (
				D091CBEE2881B2C3001C65CD /* Sources */,
				D091CBEF2881B2C3001C65CD /* Frameworks */,
				D091CBF02881B2C3001C65CD /* Resources */,
			);
			buildRules = (
			);
			dependencies = (
			);
			name = SUI;
			productName = SUI;
			productReference = D091CBF22881B2C3001C65CD /* SUI.app */;
			productType = "com.apple.product-type.application";
		};
		D091CC012881B2C4001C65CD /* SUITests */ = {
			isa = PBXNativeTarget;
			buildConfigurationList = D091CC192881B2C4001C65CD /* Build configuration list for PBXNativeTarget "SUITests" */;
			buildPhases = (
				D091CBFE2881B2C4001C65CD /* Sources */,
				D091CBFF2881B2C4001C65CD /* Frameworks */,
				D091CC002881B2C4001C65CD /* Resources */,
			);
			buildRules = (
			);
			dependencies = (
				D091CC042881B2C4001C65CD /* PBXTargetDependency */,
			);
			name = SUITests;
			productName = SUITests;
			productReference = D091CC022881B2C4001C65CD /* SUITests.xctest */;
			productType = "com.apple.product-type.bundle.unit-test";
		};
		D091CC0B2881B2C4001C65CD /* SUIUITests */ = {
			isa = PBXNativeTarget;
			buildConfigurationList = D091CC1C2881B2C4001C65CD /* Build configuration list for PBXNativeTarget "SUIUITests" */;
			buildPhases = (
				D091CC082881B2C4001C65CD /* Sources */,
				D091CC092881B2C4001C65CD /* Frameworks */,
				D091CC0A2881B2C4001C65CD /* Resources */,
			);
			buildRules = (
			);
			dependencies = (
				D091CC0E2881B2C4001C65CD /* PBXTargetDependency */,
			);
			name = SUIUITests;
			productName = SUIUITests;
			productReference = D091CC0C2881B2C4001C65CD /* SUIUITests.xctest */;
			productType = "com.apple.product-type.bundle.ui-testing";
		};
/* End PBXNativeTarget section */

/* Begin PBXProject section */
		D091CBEA2881B2C3001C65CD /* Project object */ = {
			isa = PBXProject;
			attributes = {
				BuildIndependentTargetsInParallel = 1;
				LastSwiftUpdateCheck = 1340;
				LastUpgradeCheck = 1340;
				TargetAttributes = {
					D091CBF12881B2C3001C65CD = {
						CreatedOnToolsVersion = 13.4.1;
					};
					D091CC012881B2C4001C65CD = {
						CreatedOnToolsVersion = 13.4.1;
						TestTargetID = D091CBF12881B2C3001C65CD;
					};
					D091CC0B2881B2C4001C65CD = {
						CreatedOnToolsVersion = 13.4.1;
						TestTargetID = D091CBF12881B2C3001C65CD;
					};
				};
			};
			buildConfigurationList = D091CBED2881B2C3001C65CD /* Build configuration list for PBXProject "SUI" */;
			compatibilityVersion = "Xcode 13.0";
			developmentRegion = en;
			hasScannedForEncodings = 0;
			knownRegions = (
				en,
				Base,
			);
			mainGroup = D091CBE92881B2C3001C65CD;
			productRefGroup = D091CBF32881B2C3001C65CD /* Products */;
			projectDirPath = "";
			projectRoot = "";
			targets = (
				D091CBF12881B2C3001C65CD /* SUI */,
				D091CC012881B2C4001C65CD /* SUITests */,
				D091CC0B2881B2C4001C65CD /* SUIUITests */,
			);
		};
/* End PBXProject section */

/* Begin PBXResourcesBuildPhase section */
		D091CBF02881B2C3001C65CD /* Resources */ = {
			isa = PBXResourcesBuildPhase;
			buildActionMask = 2147483647;
			files = (
				D091CBFD2881B2C4001C65CD /* Preview Assets.xcassets in Resources */,
				D091CBFA2881B2C4001C65CD /* Assets.xcassets in Resources */,
			);
			runOnlyForDeploymentPostprocessing = 0;
		};
		D091CC002881B2C4001C65CD /* Resources */ = {
			isa = PBXResourcesBuildPhase;
			buildActionMask = 2147483647;
			files = (
			);
			runOnlyForDeploymentPostprocessing = 0;
		};
		D091CC0A2881B2C4001C65CD /* Resources */ = {
			isa = PBXResourcesBuildPhase;
			buildActionMask = 2147483647;
			files = (
			);
			runOnlyForDeploymentPostprocessing = 0;
		};
/* End PBXResourcesBuildPhase section */

/* Begin PBXSourcesBuildPhase section */
		D091CBEE2881B2C3001C65CD /* Sources */ = {
			isa = PBXSourcesBuildPhase;
			buildActionMask = 2147483647;
			files = (
				D091CC242881B2F5001C65CD /* Slide4.swift in Sources */,
				D091CC232881B2F5001C65CD /* Slide3.swift in Sources */,
				D091CBF62881B2C3001C65CD /* SUIApp.swift in Sources */,
				D091CC262881B2F5001C65CD /* Slide2.swift in Sources */,
				D091CC252881B2F5001C65CD /* Slide1.swift in Sources */,
			);
			runOnlyForDeploymentPostprocessing = 0;
		};
		D091CBFE2881B2C4001C65CD /* Sources */ = {
			isa = PBXSourcesBuildPhase;
			buildActionMask = 2147483647;
			files = (
				D091CC072881B2C4001C65CD /* SUITests.swift in Sources */,
			);
			runOnlyForDeploymentPostprocessing = 0;
		};
		D091CC082881B2C4001C65CD /* Sources */ = {
			isa = PBXSourcesBuildPhase;
			buildActionMask = 2147483647;
			files = (
				D091CC132881B2C4001C65CD /* SUIUITestsLaunchTests.swift in Sources */,
				D091CC112881B2C4001C65CD /* SUIUITests.swift in Sources */,
			);
			runOnlyForDeploymentPostprocessing = 0;
		};
/* End PBXSourcesBuildPhase section */

/* Begin PBXTargetDependency section */
		D091CC042881B2C4001C65CD /* PBXTargetDependency */ = {
			isa = PBXTargetDependency;
			target = D091CBF12881B2C3001C65CD /* SUI */;
			targetProxy = D091CC032881B2C4001C65CD /* PBXContainerItemProxy */;
		};
		D091CC0E2881B2C4001C65CD /* PBXTargetDependency */ = {
			isa = PBXTargetDependency;
			target = D091CBF12881B2C3001C65CD /* SUI */;
			targetProxy = D091CC0D2881B2C4001C65CD /* PBXContainerItemProxy */;
		};
/* End PBXTargetDependency section */

/* Begin XCBuildConfiguration section */
		D091CC142881B2C4001C65CD /* Debug */ = {
			isa = XCBuildConfiguration;
			buildSettings = {
				ALWAYS_SEARCH_USER_PATHS = NO;
				CLANG_ANALYZER_NONNULL = YES;
				CLANG_ANALYZER_NUMBER_OBJECT_CONVERSION = YES_AGGRESSIVE;
				CLANG_CXX_LANGUAGE_STANDARD = "gnu++17";
				CLANG_ENABLE_MODULES = YES;
				CLANG_ENABLE_OBJC_ARC = YES;
				CLANG_ENABLE_OBJC_WEAK = YES;
				CLANG_WARN_BLOCK_CAPTURE_AUTORELEASING = YES;
				CLANG_WARN_BOOL_CONVERSION = YES;
				CLANG_WARN_COMMA = YES;
				CLANG_WARN_CONSTANT_CONVERSION = YES;
				CLANG_WARN_DEPRECATED_OBJC_IMPLEMENTATIONS = YES;
				CLANG_WARN_DIRECT_OBJC_ISA_USAGE = YES_ERROR;
				CLANG_WARN_DOCUMENTATION_COMMENTS = YES;
				CLANG_WARN_EMPTY_BODY = YES;
				CLANG_WARN_ENUM_CONVERSION = YES;
				CLANG_WARN_INFINITE_RECURSION = YES;
				CLANG_WARN_INT_CONVERSION = YES;
				CLANG_WARN_NON_LITERAL_NULL_CONVERSION = YES;
				CLANG_WARN_OBJC_IMPLICIT_RETAIN_SELF = YES;
				CLANG_WARN_OBJC_LITERAL_CONVERSION = YES;
				CLANG_WARN_OBJC_ROOT_CLASS = YES_ERROR;
				CLANG_WARN_QUOTED_INCLUDE_IN_FRAMEWORK_HEADER = YES;
				CLANG_WARN_RANGE_LOOP_ANALYSIS = YES;
				CLANG_WARN_STRICT_PROTOTYPES = YES;
				CLANG_WARN_SUSPICIOUS_MOVE = YES;
				CLANG_WARN_UNGUARDED_AVAILABILITY = YES_AGGRESSIVE;
				CLANG_WARN_UNREACHABLE_CODE = YES;
				CLANG_WARN__DUPLICATE_METHOD_MATCH = YES;
				COPY_PHASE_STRIP = NO;
				DEBUG_INFORMATION_FORMAT = dwarf;
				ENABLE_STRICT_OBJC_MSGSEND = YES;
				ENABLE_TESTABILITY = YES;
				GCC_C_LANGUAGE_STANDARD = gnu11;
				GCC_DYNAMIC_NO_PIC = NO;
				GCC_NO_COMMON_BLOCKS = YES;
				GCC_OPTIMIZATION_LEVEL = 0;
				GCC_PREPROCESSOR_DEFINITIONS = (
					"DEBUG=1",
					"$(inherited)",
				);
				GCC_WARN_64_TO_32_BIT_CONVERSION = YES;
				GCC_WARN_ABOUT_RETURN_TYPE = YES_ERROR;
				GCC_WARN_UNDECLARED_SELECTOR = YES;
				GCC_WARN_UNINITIALIZED_AUTOS = YES_AGGRESSIVE;
				GCC_WARN_UNUSED_FUNCTION = YES;
				GCC_WARN_UNUSED_VARIABLE = YES;
				IPHONEOS_DEPLOYMENT_TARGET = 15.5;
				MTL_ENABLE_DEBUG_INFO = INCLUDE_SOURCE;
				MTL_FAST_MATH = YES;
				ONLY_ACTIVE_ARCH = YES;
				SDKROOT = iphoneos;
				SWIFT_ACTIVE_COMPILATION_CONDITIONS = DEBUG;
				SWIFT_OPTIMIZATION_LEVEL = "-Onone";
			};
			name = Debug;
		};
		D091CC152881B2C4001C65CD /* Release */ = {
			isa = XCBuildConfiguration;
			buildSettings = {
				ALWAYS_SEARCH_USER_PATHS = NO;
				CLANG_ANALYZER_NONNULL = YES;
				CLANG_ANALYZER_NUMBER_OBJECT_CONVERSION = YES_AGGRESSIVE;
				CLANG_CXX_LANGUAGE_STANDARD = "gnu++17";
				CLANG_ENABLE_MODULES = YES;
				CLANG_ENABLE_OBJC_ARC = YES;
				CLANG_ENABLE_OBJC_WEAK = YES;
				CLANG_WARN_BLOCK_CAPTURE_AUTORELEASING = YES;
				CLANG_WARN_BOOL_CONVERSION = YES;
				CLANG_WARN_COMMA = YES;
				CLANG_WARN_CONSTANT_CONVERSION = YES;
				CLANG_WARN_DEPRECATED_OBJC_IMPLEMENTATIONS = YES;
				CLANG_WARN_DIRECT_OBJC_ISA_USAGE = YES_ERROR;
				CLANG_WARN_DOCUMENTATION_COMMENTS = YES;
				CLANG_WARN_EMPTY_BODY = YES;
				CLANG_WARN_ENUM_CONVERSION = YES;
				CLANG_WARN_INFINITE_RECURSION = YES;
				CLANG_WARN_INT_CONVERSION = YES;
				CLANG_WARN_NON_LITERAL_NULL_CONVERSION = YES;
				CLANG_WARN_OBJC_IMPLICIT_RETAIN_SELF = YES;
				CLANG_WARN_OBJC_LITERAL_CONVERSION = YES;
				CLANG_WARN_OBJC_ROOT_CLASS = YES_ERROR;
				CLANG_WARN_QUOTED_INCLUDE_IN_FRAMEWORK_HEADER = YES;
				CLANG_WARN_RANGE_LOOP_ANALYSIS = YES;
				CLANG_WARN_STRICT_PROTOTYPES = YES;
				CLANG_WARN_SUSPICIOUS_MOVE = YES;
				CLANG_WARN_UNGUARDED_AVAILABILITY = YES_AGGRESSIVE;
				CLANG_WARN_UNREACHABLE_CODE = YES;
				CLANG_WARN__DUPLICATE_METHOD_MATCH = YES;
				COPY_PHASE_STRIP = NO;
				DEBUG_INFORMATION_FORMAT = "dwarf-with-dsym";
				ENABLE_NS_ASSERTIONS = NO;
				ENABLE_STRICT_OBJC_MSGSEND = YES;
				GCC_C_LANGUAGE_STANDARD = gnu11;
				GCC_NO_COMMON_BLOCKS = YES;
				GCC_WARN_64_TO_32_BIT_CONVERSION = YES;
				GCC_WARN_ABOUT_RETURN_TYPE = YES_ERROR;
				GCC_WARN_UNDECLARED_SELECTOR = YES;
				GCC_WARN_UNINITIALIZED_AUTOS = YES_AGGRESSIVE;
				GCC_WARN_UNUSED_FUNCTION = YES;
				GCC_WARN_UNUSED_VARIABLE = YES;
				IPHONEOS_DEPLOYMENT_TARGET = 15.5;
				MTL_ENABLE_DEBUG_INFO = NO;
				MTL_FAST_MATH = YES;
				SDKROOT = iphoneos;
				SWIFT_COMPILATION_MODE = wholemodule;
				SWIFT_OPTIMIZATION_LEVEL = "-O";
				VALIDATE_PRODUCT = YES;
			};
			name = Release;
		};
		D091CC172881B2C4001C65CD /* Debug */ = {
			isa = XCBuildConfiguration;
			buildSettings = {
				ASSETCATALOG_COMPILER_APPICON_NAME = AppIcon;
				ASSETCATALOG_COMPILER_GLOBAL_ACCENT_COLOR_NAME = AccentColor;
				CODE_SIGN_STYLE = Automatic;
				CURRENT_PROJECT_VERSION = 1;
				DEVELOPMENT_ASSET_PATHS = "\"SUI/Preview Content\"";
				ENABLE_PREVIEWS = YES;
				GENERATE_INFOPLIST_FILE = YES;
				INFOPLIST_KEY_UIApplicationSceneManifest_Generation = YES;
				INFOPLIST_KEY_UIApplicationSupportsIndirectInputEvents = YES;
				INFOPLIST_KEY_UILaunchScreen_Generation = YES;
				INFOPLIST_KEY_UISupportedInterfaceOrientations_iPad = "UIInterfaceOrientationPortrait UIInterfaceOrientationPortraitUpsideDown UIInterfaceOrientationLandscapeLeft UIInterfaceOrientationLandscapeRight";
				INFOPLIST_KEY_UISupportedInterfaceOrientations_iPhone = "UIInterfaceOrientationPortrait UIInterfaceOrientationLandscapeLeft UIInterfaceOrientationLandscapeRight";
				LD_RUNPATH_SEARCH_PATHS = (
					"$(inherited)",
					"@executable_path/Frameworks",
				);
				MARKETING_VERSION = 1.0;
				PRODUCT_BUNDLE_IDENTIFIER = KDM.SUI;
				PRODUCT_NAME = "$(TARGET_NAME)";
				SWIFT_EMIT_LOC_STRINGS = YES;
				SWIFT_VERSION = 5.0;
				TARGETED_DEVICE_FAMILY = "1,2";
			};
			name = Debug;
		};
		D091CC182881B2C4001C65CD /* Release */ = {
			isa = XCBuildConfiguration;
			buildSettings = {
				ASSETCATALOG_COMPILER_APPICON_NAME = AppIcon;
				ASSETCATALOG_COMPILER_GLOBAL_ACCENT_COLOR_NAME = AccentColor;
				CODE_SIGN_STYLE = Automatic;
				CURRENT_PROJECT_VERSION = 1;
				DEVELOPMENT_ASSET_PATHS = "\"SUI/Preview Content\"";
				ENABLE_PREVIEWS = YES;
				GENERATE_INFOPLIST_FILE = YES;
				INFOPLIST_KEY_UIApplicationSceneManifest_Generation = YES;
				INFOPLIST_KEY_UIApplicationSupportsIndirectInputEvents = YES;
				INFOPLIST_KEY_UILaunchScreen_Generation = YES;
				INFOPLIST_KEY_UISupportedInterfaceOrientations_iPad = "UIInterfaceOrientationPortrait UIInterfaceOrientationPortraitUpsideDown UIInterfaceOrientationLandscapeLeft UIInterfaceOrientationLandscapeRight";
				INFOPLIST_KEY_UISupportedInterfaceOrientations_iPhone = "UIInterfaceOrientationPortrait UIInterfaceOrientationLandscapeLeft UIInterfaceOrientationLandscapeRight";
				LD_RUNPATH_SEARCH_PATHS = (
					"$(inherited)",
					"@executable_path/Frameworks",
				);
				MARKETING_VERSION = 1.0;
				PRODUCT_BUNDLE_IDENTIFIER = KDM.SUI;
				PRODUCT_NAME = "$(TARGET_NAME)";
				SWIFT_EMIT_LOC_STRINGS = YES;
				SWIFT_VERSION = 5.0;
				TARGETED_DEVICE_FAMILY = "1,2";
			};
			name = Release;
		};
		D091CC1A2881B2C4001C65CD /* Debug */ = {
			isa = XCBuildConfiguration;
			buildSettings = {
				ALWAYS_EMBED_SWIFT_STANDARD_LIBRARIES = YES;
				BUNDLE_LOADER = "$(TEST_HOST)";
				CODE_SIGN_STYLE = Automatic;
				CURRENT_PROJECT_VERSION = 1;
				GENERATE_INFOPLIST_FILE = YES;
				IPHONEOS_DEPLOYMENT_TARGET = 15.5;
				MARKETING_VERSION = 1.0;
				PRODUCT_BUNDLE_IDENTIFIER = KDM.SUITests;
				PRODUCT_NAME = "$(TARGET_NAME)";
				SWIFT_EMIT_LOC_STRINGS = NO;
				SWIFT_VERSION = 5.0;
				TARGETED_DEVICE_FAMILY = "1,2";
				TEST_HOST = "$(BUILT_PRODUCTS_DIR)/SUI.app/SUI";
			};
			name = Debug;
		};
		D091CC1B2881B2C4001C65CD /* Release */ = {
			isa = XCBuildConfiguration;
			buildSettings = {
				ALWAYS_EMBED_SWIFT_STANDARD_LIBRARIES = YES;
				BUNDLE_LOADER = "$(TEST_HOST)";
				CODE_SIGN_STYLE = Automatic;
				CURRENT_PROJECT_VERSION = 1;
				GENERATE_INFOPLIST_FILE = YES;
				IPHONEOS_DEPLOYMENT_TARGET = 15.5;
				MARKETING_VERSION = 1.0;
				PRODUCT_BUNDLE_IDENTIFIER = KDM.SUITests;
				PRODUCT_NAME = "$(TARGET_NAME)";
				SWIFT_EMIT_LOC_STRINGS = NO;
				SWIFT_VERSION = 5.0;
				TARGETED_DEVICE_FAMILY = "1,2";
				TEST_HOST = "$(BUILT_PRODUCTS_DIR)/SUI.app/SUI";
			};
			name = Release;
		};
		D091CC1D2881B2C4001C65CD /* Debug */ = {
			isa = XCBuildConfiguration;
			buildSettings = {
				ALWAYS_EMBED_SWIFT_STANDARD_LIBRARIES = YES;
				CODE_SIGN_STYLE = Automatic;
				CURRENT_PROJECT_VERSION = 1;
				GENERATE_INFOPLIST_FILE = YES;
				MARKETING_VERSION = 1.0;
				PRODUCT_BUNDLE_IDENTIFIER = KDM.SUIUITests;
				PRODUCT_NAME = "$(TARGET_NAME)";
				SWIFT_EMIT_LOC_STRINGS = NO;
				SWIFT_VERSION = 5.0;
				TARGETED_DEVICE_FAMILY = "1,2";
				TEST_TARGET_NAME = SUI;
			};
			name = Debug;
		};
		D091CC1E2881B2C4001C65CD /* Release */ = {
			isa = XCBuildConfiguration;
			buildSettings = {
				ALWAYS_EMBED_SWIFT_STANDARD_LIBRARIES = YES;
				CODE_SIGN_STYLE = Automatic;
				CURRENT_PROJECT_VERSION = 1;
				GENERATE_INFOPLIST_FILE = YES;
				MARKETING_VERSION = 1.0;
				PRODUCT_BUNDLE_IDENTIFIER = KDM.SUIUITests;
				PRODUCT_NAME = "$(TARGET_NAME)";
				SWIFT_EMIT_LOC_STRINGS = NO;
				SWIFT_VERSION = 5.0;
				TARGETED_DEVICE_FAMILY = "1,2";
				TEST_TARGET_NAME = SUI;
			};
			name = Release;
		};
/* End XCBuildConfiguration section */

/* Begin XCConfigurationList section */
		D091CBED2881B2C3001C65CD /* Build configuration list for PBXProject "SUI" */ = {
			isa = XCConfigurationList;
			buildConfigurations = (
				D091CC142881B2C4001C65CD /* Debug */,
				D091CC152881B2C4001C65CD /* Release */,
			);
			defaultConfigurationIsVisible = 0;
			defaultConfigurationName = Release;
		};
		D091CC162881B2C4001C65CD /* Build configuration list for PBXNativeTarget "SUI" */ = {
			isa = XCConfigurationList;
			buildConfigurations = (
				D091CC172881B2C4001C65CD /* Debug */,
				D091CC182881B2C4001C65CD /* Release */,
			);
			defaultConfigurationIsVisible = 0;
			defaultConfigurationName = Release;
		};
		D091CC192881B2C4001C65CD /* Build configuration list for PBXNativeTarget "SUITests" */ = {
			isa = XCConfigurationList;
			buildConfigurations = (
				D091CC1A2881B2C4001C65CD /* Debug */,
				D091CC1B2881B2C4001C65CD /* Release */,
			);
			defaultConfigurationIsVisible = 0;
			defaultConfigurationName = Release;
		};
		D091CC1C2881B2C4001C65CD /* Build configuration list for PBXNativeTarget "SUIUITests" */ = {
			isa = XCConfigurationList;
			buildConfigurations = (
				D091CC1D2881B2C4001C65CD /* Debug */,
				D091CC1E2881B2C4001C65CD /* Release */,
			);
			defaultConfigurationIsVisible = 0;
			defaultConfigurationName = Release;
		};
/* End XCConfigurationList section */
	};
	rootObject = D091CBEA2881B2C3001C65CD /* Project object */;
}
